
Microsoft Visual Studio Solution File, Format Version 12.00
# Visual Studio 14
VisualStudioVersion = 14.0.23107.0
MinimumVisualStudioVersion = 10.0.40219.1
Project("{8BC9CEB8-8B4A-11D0-8D11-00A0C91BC942}") = "LeetCode", "LeetCode\LeetCode.vcxproj", "{263EAE13-9B68-4B5D-B694-29611D17238D}"
EndProject
Project("{8BC9CEB8-8B4A-11D0-8D11-00A0C91BC942}") = "Hackerrank", "Hackerrank\Hackerrank.vcxproj", "{7E1F084E-553E-4D68-9452-8ED3A3F8E2C7}"
EndProject
Global
	GlobalSection(SolutionConfigurationPlatforms) = preSolution
		Debug|Win32 = Debug|Win32
		Release|Win32 = Release|Win32
	EndGlobalSection
	GlobalSection(ProjectConfigurationPlatforms) = postSolution
		{263EAE13-9B68-4B5D-B694-29611D17238D}.Debug|Win32.ActiveCfg = Debug|Win32
		{263EAE13-9B68-4B5D-B694-29611D17238D}.Debug|Win32.Build.0 = Debug|Win32
		{263EAE13-9B68-4B5D-B694-29611D17238D}.Release|Win32.ActiveCfg = Release|Win32
		{263EAE13-9B68-4B5D-B694-29611D17238D}.Release|Win32.Build.0 = Release|Win32
		{7E1F084E-553E-4D68-9452-8ED3A3F8E2C7}.Debug|Win32.ActiveCfg = Debug|Win32
		{7E1F084E-553E-4D68-9452-8ED3A3F8E2C7}.Debug|Win32.Build.0 = Debug|Win32
		{7E1F084E-553E-4D68-9452-8ED3A3F8E2C7}.Release|Win32.ActiveCfg = Release|Win32
		{7E1F084E-553E-4D68-9452-8ED3A3F8E2C7}.Release|Win32.Build.0 = Release|Win32
	EndGlobalSection
	GlobalSection(SolutionProperties) = preSolution
		HideSolutionNode = FALSE
	EndGlobalSection
EndGlobal
