// !$*UTF8*$!
{
	archiveVersion = 1;
	classes = {
	};
	objectVersion = 46;
	objects = {

/* Begin PBXBuildFile section */
		8D07158F1C8F2A5D0011B820 /* main.cpp in Sources */ = {isa = PBXBuildFile; fileRef = 8D07158E1C8F2A5D0011B820 /* main.cpp */; };
		8D0715961C8F31650011B820 /* libOJ.dylib in Frameworks */ = {isa = PBXBuildFile; fileRef = 8D0715781C8F1BC30011B820 /* libOJ.dylib */; };
		8D0715991C8F37D40011B820 /* gtest.framework in Frameworks */ = {isa = PBXBuildFile; fileRef = 8D0715971C8F37840011B820 /* gtest.framework */; };
		8D07159A1C8F38090011B820 /* gtest.framework in Frameworks */ = {isa = PBXBuildFile; fileRef = 8D0715971C8F37840011B820 /* gtest.framework */; };
		8D111A241CE7724B0038C9B4 /* 72_Edit_Distance.cpp in Sources */ = {isa = PBXBuildFile; fileRef = 8D111A231CE7724B0038C9B4 /* 72_Edit_Distance.cpp */; };
		8D111A261CE7735D0038C9B4 /* 73_Set_Matrix_Zeroes.cpp in Sources */ = {isa = PBXBuildFile; fileRef = 8D111A251CE7735D0038C9B4 /* 73_Set_Matrix_Zeroes.cpp */; };
		8D111A281CE78D3E0038C9B4 /* 74_Search_a_2D_Matrix.cpp in Sources */ = {isa = PBXBuildFile; fileRef = 8D111A271CE78D3E0038C9B4 /* 74_Search_a_2D_Matrix.cpp */; };
		8D111A2A1CE8B81B0038C9B4 /* 75_Sort_Colors.cpp in Sources */ = {isa = PBXBuildFile; fileRef = 8D111A291CE8B81B0038C9B4 /* 75_Sort_Colors.cpp */; };
		8D111A2D1CE8BF000038C9B4 /* Sort.cpp in Sources */ = {isa = PBXBuildFile; fileRef = 8D111A2C1CE8BF000038C9B4 /* Sort.cpp */; };
		8D111A2F1CE8C1010038C9B4 /* 76_Minimum_Window_Substring.cpp in Sources */ = {isa = PBXBuildFile; fileRef = 8D111A2E1CE8C1010038C9B4 /* 76_Minimum_Window_Substring.cpp */; };
		8D111A311CEA2E8F0038C9B4 /* 77_Combinations.cpp in Sources */ = {isa = PBXBuildFile; fileRef = 8D111A301CEA2E8F0038C9B4 /* 77_Combinations.cpp */; };
		8D1CFF791CCFAFBD007D100B /* 10_Regular_Expression_Matching.cpp in Sources */ = {isa = PBXBuildFile; fileRef = 8D1CFF781CCFAFBD007D100B /* 10_Regular_Expression_Matching.cpp */; };
		8D1CFF7B1CCFC29C007D100B /* 34_Search_for_a_Range.cpp in Sources */ = {isa = PBXBuildFile; fileRef = 8D1CFF7A1CCFC29C007D100B /* 34_Search_for_a_Range.cpp */; };
		8D1CFF7D1CD264EC007D100B /* 35_Search_Insert_Position.cpp in Sources */ = {isa = PBXBuildFile; fileRef = 8D1CFF7C1CD264EC007D100B /* 35_Search_Insert_Position.cpp */; };
		8D1CFF7F1CD26AB4007D100B /* 36_Valid_Sudoku.cpp in Sources */ = {isa = PBXBuildFile; fileRef = 8D1CFF7E1CD26AB4007D100B /* 36_Valid_Sudoku.cpp */; };
		8D1CFF811CD27873007D100B /* 37_Sudoku_Solver.cpp in Sources */ = {isa = PBXBuildFile; fileRef = 8D1CFF801CD27873007D100B /* 37_Sudoku_Solver.cpp */; };
		8D1CFF831CD450CD007D100B /* 38_Count_and_Say.cpp in Sources */ = {isa = PBXBuildFile; fileRef = 8D1CFF821CD450CD007D100B /* 38_Count_and_Say.cpp */; };
		8D1CFF851CD45A85007D100B /* 39_Combination_Sum.cpp in Sources */ = {isa = PBXBuildFile; fileRef = 8D1CFF841CD45A85007D100B /* 39_Combination_Sum.cpp */; };
		8D1CFF871CD46E1F007D100B /* 40_Combination_Sum_2.cpp in Sources */ = {isa = PBXBuildFile; fileRef = 8D1CFF861CD46E1F007D100B /* 40_Combination_Sum_2.cpp */; };
		8D1CFF891CD48335007D100B /* 41_First_Missing_Positive.cpp in Sources */ = {isa = PBXBuildFile; fileRef = 8D1CFF881CD48335007D100B /* 41_First_Missing_Positive.cpp */; };
		8D1CFF8B1CD64B59007D100B /* 42_Trapping_Rain_Water.cpp in Sources */ = {isa = PBXBuildFile; fileRef = 8D1CFF8A1CD64B59007D100B /* 42_Trapping_Rain_Water.cpp */; };
		8D1CFF8D1CD79490007D100B /* 43_Multiply_Strings.cpp in Sources */ = {isa = PBXBuildFile; fileRef = 8D1CFF8C1CD79490007D100B /* 43_Multiply_Strings.cpp */; };
		8D1CFF8F1CD7A5FE007D100B /* 44_Wildcard_Matching.cpp in Sources */ = {isa = PBXBuildFile; fileRef = 8D1CFF8E1CD7A5FE007D100B /* 44_Wildcard_Matching.cpp */; };
		8D1CFF911CD8ED23007D100B /* 55_Jump_Game.cpp in Sources */ = {isa = PBXBuildFile; fileRef = 8D1CFF901CD8ED23007D100B /* 55_Jump_Game.cpp */; };
		8D1CFF931CDA43A5007D100B /* 45_Jump_Game_2.cpp in Sources */ = {isa = PBXBuildFile; fileRef = 8D1CFF921CDA43A5007D100B /* 45_Jump_Game_2.cpp */; };
		8D1CFF951CDB88B8007D100B /* 46_Permutations.cpp in Sources */ = {isa = PBXBuildFile; fileRef = 8D1CFF941CDB88B8007D100B /* 46_Permutations.cpp */; };
		8D1CFF971CDB9D03007D100B /* 47_Permutations_2.cpp in Sources */ = {isa = PBXBuildFile; fileRef = 8D1CFF961CDB9D03007D100B /* 47_Permutations_2.cpp */; };
		8D1E0F9E1CE36E8800ED73AB /* 59_Spiral_Matrix_2.cpp in Sources */ = {isa = PBXBuildFile; fileRef = 8D1E0F9D1CE36E8800ED73AB /* 59_Spiral_Matrix_2.cpp */; };
		8D1E0FA01CE378FA00ED73AB /* 60_Permutation_Sequence.cpp in Sources */ = {isa = PBXBuildFile; fileRef = 8D1E0F9F1CE378FA00ED73AB /* 60_Permutation_Sequence.cpp */; };
		8D1E0FA21CE3848900ED73AB /* 61_Rotate_List.cpp in Sources */ = {isa = PBXBuildFile; fileRef = 8D1E0FA11CE3848900ED73AB /* 61_Rotate_List.cpp */; };
		8D1E0FA41CE38A6900ED73AB /* 62_Unique_Paths.cpp in Sources */ = {isa = PBXBuildFile; fileRef = 8D1E0FA31CE38A6900ED73AB /* 62_Unique_Paths.cpp */; };
		8D1E0FA81CE4D0DE00ED73AB /* 64_Minimum_Path_Sum.cpp in Sources */ = {isa = PBXBuildFile; fileRef = 8D1E0FA71CE4D0DE00ED73AB /* 64_Minimum_Path_Sum.cpp */; };
		8D1E0FAA1CE4D3E600ED73AB /* 65_Valid_Number.cpp in Sources */ = {isa = PBXBuildFile; fileRef = 8D1E0FA91CE4D3E600ED73AB /* 65_Valid_Number.cpp */; };
		8D1E0FAC1CE4E0A600ED73AB /* 66_Plus_One.cpp in Sources */ = {isa = PBXBuildFile; fileRef = 8D1E0FAB1CE4E0A600ED73AB /* 66_Plus_One.cpp */; };
		8D1E0FAE1CE4E36800ED73AB /* 68_Text_Justification.cpp in Sources */ = {isa = PBXBuildFile; fileRef = 8D1E0FAD1CE4E36800ED73AB /* 68_Text_Justification.cpp */; };
		8D30BCA11CE0AD2900F79D18 /* 51_N_Queens.cpp in Sources */ = {isa = PBXBuildFile; fileRef = 8D30BCA01CE0AD2900F79D18 /* 51_N_Queens.cpp */; };
		8D30BCA31CE0BDE000F79D18 /* 52_N_Queens_2.cpp in Sources */ = {isa = PBXBuildFile; fileRef = 8D30BCA21CE0BDE000F79D18 /* 52_N_Queens_2.cpp */; };
		8D30BCA61CE0C68600F79D18 /* 53_Maximum_Subarray.cpp in Sources */ = {isa = PBXBuildFile; fileRef = 8D30BCA51CE0C68600F79D18 /* 53_Maximum_Subarray.cpp */; };
		8D30BCA81CE0D17D00F79D18 /* 54_Spiral_Matrix.cpp in Sources */ = {isa = PBXBuildFile; fileRef = 8D30BCA71CE0D17D00F79D18 /* 54_Spiral_Matrix.cpp */; };
		8D60A6FB1CE6437600B8DE7E /* 67_Add_Binary.cpp in Sources */ = {isa = PBXBuildFile; fileRef = 8D60A6FA1CE6437600B8DE7E /* 67_Add_Binary.cpp */; };
		8D60A6FD1CE704B000B8DE7E /* 70_Climbing_Stairs.cpp in Sources */ = {isa = PBXBuildFile; fileRef = 8D60A6FC1CE704B000B8DE7E /* 70_Climbing_Stairs.cpp */; };
		8D60A6FF1CE70ADA00B8DE7E /* 71_Simplify_Path.cpp in Sources */ = {isa = PBXBuildFile; fileRef = 8D60A6FE1CE70ADA00B8DE7E /* 71_Simplify_Path.cpp */; };
		8DCEDD1C1CDE2A55003CB079 /* 58_Length_Of_Last_Word.cpp in Sources */ = {isa = PBXBuildFile; fileRef = 8DCEDD1B1CDE2A55003CB079 /* 58_Length_Of_Last_Word.cpp */; };
/* End PBXBuildFile section */

/* Begin PBXCopyFilesBuildPhase section */
		8D07158A1C8F2A5D0011B820 /* CopyFiles */ = {
			isa = PBXCopyFilesBuildPhase;
			buildActionMask = 2147483647;
			dstPath = /usr/share/man/man1/;
			dstSubfolderSpec = 0;
			files = (
			);
			runOnlyForDeploymentPostprocessing = 1;
		};
/* End PBXCopyFilesBuildPhase section */

/* Begin PBXFileReference section */
		8D0715781C8F1BC30011B820 /* libOJ.dylib */ = {isa = PBXFileReference; explicitFileType = "compiled.mach-o.dylib"; includeInIndex = 0; path = libOJ.dylib; sourceTree = BUILT_PRODUCTS_DIR; };
		8D0715841C8F22E70011B820 /* src */ = {isa = PBXFileReference; lastKnownFileType = folder; name = src; path = googletest/googletest/src; sourceTree = "<group>"; };
		8D07158C1C8F2A5D0011B820 /* Tests */ = {isa = PBXFileReference; explicitFileType = "compiled.mach-o.executable"; includeInIndex = 0; path = Tests; sourceTree = BUILT_PRODUCTS_DIR; };
		8D07158E1C8F2A5D0011B820 /* main.cpp */ = {isa = PBXFileReference; lastKnownFileType = sourcecode.cpp.cpp; path = main.cpp; sourceTree = "<group>"; };
		8D0715971C8F37840011B820 /* gtest.framework */ = {isa = PBXFileReference; lastKnownFileType = wrapper.framework; path = gtest.framework; sourceTree = "<group>"; };
		8D111A231CE7724B0038C9B4 /* 72_Edit_Distance.cpp */ = {isa = PBXFileReference; fileEncoding = 4; lastKnownFileType = sourcecode.cpp.cpp; name = 72_Edit_Distance.cpp; path = LeetCode/72_Edit_Distance.cpp; sourceTree = "<group>"; };
		8D111A251CE7735D0038C9B4 /* 73_Set_Matrix_Zeroes.cpp */ = {isa = PBXFileReference; fileEncoding = 4; lastKnownFileType = sourcecode.cpp.cpp; name = 73_Set_Matrix_Zeroes.cpp; path = LeetCode/73_Set_Matrix_Zeroes.cpp; sourceTree = "<group>"; };
		8D111A271CE78D3E0038C9B4 /* 74_Search_a_2D_Matrix.cpp */ = {isa = PBXFileReference; fileEncoding = 4; lastKnownFileType = sourcecode.cpp.cpp; name = 74_Search_a_2D_Matrix.cpp; path = LeetCode/74_Search_a_2D_Matrix.cpp; sourceTree = "<group>"; };
		8D111A291CE8B81B0038C9B4 /* 75_Sort_Colors.cpp */ = {isa = PBXFileReference; fileEncoding = 4; lastKnownFileType = sourcecode.cpp.cpp; name = 75_Sort_Colors.cpp; path = LeetCode/75_Sort_Colors.cpp; sourceTree = "<group>"; };
		8D111A2C1CE8BF000038C9B4 /* Sort.cpp */ = {isa = PBXFileReference; fileEncoding = 4; lastKnownFileType = sourcecode.cpp.cpp; name = Sort.cpp; path = Algorithms/Sort.cpp; sourceTree = "<group>"; };
		8D111A2E1CE8C1010038C9B4 /* 76_Minimum_Window_Substring.cpp */ = {isa = PBXFileReference; fileEncoding = 4; lastKnownFileType = sourcecode.cpp.cpp; name = 76_Minimum_Window_Substring.cpp; path = LeetCode/76_Minimum_Window_Substring.cpp; sourceTree = "<group>"; };
		8D111A301CEA2E8F0038C9B4 /* 77_Combinations.cpp */ = {isa = PBXFileReference; fileEncoding = 4; lastKnownFileType = sourcecode.cpp.cpp; name = 77_Combinations.cpp; path = LeetCode/77_Combinations.cpp; sourceTree = "<group>"; };
		8D1CFF781CCFAFBD007D100B /* 10_Regular_Expression_Matching.cpp */ = {isa = PBXFileReference; fileEncoding = 4; lastKnownFileType = sourcecode.cpp.cpp; name = 10_Regular_Expression_Matching.cpp; path = LeetCode/10_Regular_Expression_Matching.cpp; sourceTree = "<group>"; };
		8D1CFF7A1CCFC29C007D100B /* 34_Search_for_a_Range.cpp */ = {isa = PBXFileReference; fileEncoding = 4; lastKnownFileType = sourcecode.cpp.cpp; name = 34_Search_for_a_Range.cpp; path = LeetCode/34_Search_for_a_Range.cpp; sourceTree = "<group>"; };
		8D1CFF7C1CD264EC007D100B /* 35_Search_Insert_Position.cpp */ = {isa = PBXFileReference; fileEncoding = 4; lastKnownFileType = sourcecode.cpp.cpp; name = 35_Search_Insert_Position.cpp; path = LeetCode/35_Search_Insert_Position.cpp; sourceTree = "<group>"; };
		8D1CFF7E1CD26AB4007D100B /* 36_Valid_Sudoku.cpp */ = {isa = PBXFileReference; fileEncoding = 4; lastKnownFileType = sourcecode.cpp.cpp; name = 36_Valid_Sudoku.cpp; path = LeetCode/36_Valid_Sudoku.cpp; sourceTree = "<group>"; };
		8D1CFF801CD27873007D100B /* 37_Sudoku_Solver.cpp */ = {isa = PBXFileReference; fileEncoding = 4; lastKnownFileType = sourcecode.cpp.cpp; name = 37_Sudoku_Solver.cpp; path = LeetCode/37_Sudoku_Solver.cpp; sourceTree = "<group>"; };
		8D1CFF821CD450CD007D100B /* 38_Count_and_Say.cpp */ = {isa = PBXFileReference; fileEncoding = 4; lastKnownFileType = sourcecode.cpp.cpp; name = 38_Count_and_Say.cpp; path = LeetCode/38_Count_and_Say.cpp; sourceTree = "<group>"; };
		8D1CFF841CD45A85007D100B /* 39_Combination_Sum.cpp */ = {isa = PBXFileReference; fileEncoding = 4; lastKnownFileType = sourcecode.cpp.cpp; name = 39_Combination_Sum.cpp; path = LeetCode/39_Combination_Sum.cpp; sourceTree = "<group>"; };
		8D1CFF861CD46E1F007D100B /* 40_Combination_Sum_2.cpp */ = {isa = PBXFileReference; fileEncoding = 4; lastKnownFileType = sourcecode.cpp.cpp; name = 40_Combination_Sum_2.cpp; path = LeetCode/40_Combination_Sum_2.cpp; sourceTree = "<group>"; };
		8D1CFF881CD48335007D100B /* 41_First_Missing_Positive.cpp */ = {isa = PBXFileReference; fileEncoding = 4; lastKnownFileType = sourcecode.cpp.cpp; name = 41_First_Missing_Positive.cpp; path = LeetCode/41_First_Missing_Positive.cpp; sourceTree = "<group>"; };
		8D1CFF8A1CD64B59007D100B /* 42_Trapping_Rain_Water.cpp */ = {isa = PBXFileReference; fileEncoding = 4; lastKnownFileType = sourcecode.cpp.cpp; name = 42_Trapping_Rain_Water.cpp; path = LeetCode/42_Trapping_Rain_Water.cpp; sourceTree = "<group>"; };
		8D1CFF8C1CD79490007D100B /* 43_Multiply_Strings.cpp */ = {isa = PBXFileReference; fileEncoding = 4; lastKnownFileType = sourcecode.cpp.cpp; name = 43_Multiply_Strings.cpp; path = LeetCode/43_Multiply_Strings.cpp; sourceTree = "<group>"; };
		8D1CFF8E1CD7A5FE007D100B /* 44_Wildcard_Matching.cpp */ = {isa = PBXFileReference; fileEncoding = 4; lastKnownFileType = sourcecode.cpp.cpp; name = 44_Wildcard_Matching.cpp; path = LeetCode/44_Wildcard_Matching.cpp; sourceTree = "<group>"; };
		8D1CFF901CD8ED23007D100B /* 55_Jump_Game.cpp */ = {isa = PBXFileReference; fileEncoding = 4; lastKnownFileType = sourcecode.cpp.cpp; name = 55_Jump_Game.cpp; path = LeetCode/55_Jump_Game.cpp; sourceTree = "<group>"; };
		8D1CFF921CDA43A5007D100B /* 45_Jump_Game_2.cpp */ = {isa = PBXFileReference; fileEncoding = 4; lastKnownFileType = sourcecode.cpp.cpp; name = 45_Jump_Game_2.cpp; path = LeetCode/45_Jump_Game_2.cpp; sourceTree = "<group>"; };
		8D1CFF941CDB88B8007D100B /* 46_Permutations.cpp */ = {isa = PBXFileReference; fileEncoding = 4; lastKnownFileType = sourcecode.cpp.cpp; name = 46_Permutations.cpp; path = LeetCode/46_Permutations.cpp; sourceTree = "<group>"; };
		8D1CFF961CDB9D03007D100B /* 47_Permutations_2.cpp */ = {isa = PBXFileReference; fileEncoding = 4; lastKnownFileType = sourcecode.cpp.cpp; name = 47_Permutations_2.cpp; path = LeetCode/47_Permutations_2.cpp; sourceTree = "<group>"; };
		8D1E0F9D1CE36E8800ED73AB /* 59_Spiral_Matrix_2.cpp */ = {isa = PBXFileReference; fileEncoding = 4; lastKnownFileType = sourcecode.cpp.cpp; name = 59_Spiral_Matrix_2.cpp; path = LeetCode/59_Spiral_Matrix_2.cpp; sourceTree = "<group>"; };
		8D1E0F9F1CE378FA00ED73AB /* 60_Permutation_Sequence.cpp */ = {isa = PBXFileReference; fileEncoding = 4; lastKnownFileType = sourcecode.cpp.cpp; name = 60_Permutation_Sequence.cpp; path = LeetCode/60_Permutation_Sequence.cpp; sourceTree = "<group>"; };
		8D1E0FA11CE3848900ED73AB /* 61_Rotate_List.cpp */ = {isa = PBXFileReference; fileEncoding = 4; lastKnownFileType = sourcecode.cpp.cpp; name = 61_Rotate_List.cpp; path = LeetCode/61_Rotate_List.cpp; sourceTree = "<group>"; };
		8D1E0FA31CE38A6900ED73AB /* 62_Unique_Paths.cpp */ = {isa = PBXFileReference; fileEncoding = 4; lastKnownFileType = sourcecode.cpp.cpp; name = 62_Unique_Paths.cpp; path = LeetCode/62_Unique_Paths.cpp; sourceTree = "<group>"; };
		8D1E0FA71CE4D0DE00ED73AB /* 64_Minimum_Path_Sum.cpp */ = {isa = PBXFileReference; fileEncoding = 4; lastKnownFileType = sourcecode.cpp.cpp; name = 64_Minimum_Path_Sum.cpp; path = LeetCode/64_Minimum_Path_Sum.cpp; sourceTree = "<group>"; };
		8D1E0FA91CE4D3E600ED73AB /* 65_Valid_Number.cpp */ = {isa = PBXFileReference; fileEncoding = 4; lastKnownFileType = sourcecode.cpp.cpp; name = 65_Valid_Number.cpp; path = LeetCode/65_Valid_Number.cpp; sourceTree = "<group>"; };
		8D1E0FAB1CE4E0A600ED73AB /* 66_Plus_One.cpp */ = {isa = PBXFileReference; fileEncoding = 4; lastKnownFileType = sourcecode.cpp.cpp; name = 66_Plus_One.cpp; path = LeetCode/66_Plus_One.cpp; sourceTree = "<group>"; };
		8D1E0FAD1CE4E36800ED73AB /* 68_Text_Justification.cpp */ = {isa = PBXFileReference; fileEncoding = 4; lastKnownFileType = sourcecode.cpp.cpp; name = 68_Text_Justification.cpp; path = LeetCode/68_Text_Justification.cpp; sourceTree = "<group>"; };
		8D30BCA01CE0AD2900F79D18 /* 51_N_Queens.cpp */ = {isa = PBXFileReference; fileEncoding = 4; lastKnownFileType = sourcecode.cpp.cpp; name = 51_N_Queens.cpp; path = LeetCode/51_N_Queens.cpp; sourceTree = "<group>"; };
		8D30BCA21CE0BDE000F79D18 /* 52_N_Queens_2.cpp */ = {isa = PBXFileReference; fileEncoding = 4; lastKnownFileType = sourcecode.cpp.cpp; name = 52_N_Queens_2.cpp; path = LeetCode/52_N_Queens_2.cpp; sourceTree = "<group>"; };
		8D30BCA41CE0C61D00F79D18 /* shared.h */ = {isa = PBXFileReference; lastKnownFileType = sourcecode.c.h; path = shared.h; sourceTree = "<group>"; };
		8D30BCA51CE0C68600F79D18 /* 53_Maximum_Subarray.cpp */ = {isa = PBXFileReference; fileEncoding = 4; lastKnownFileType = sourcecode.cpp.cpp; name = 53_Maximum_Subarray.cpp; path = LeetCode/53_Maximum_Subarray.cpp; sourceTree = "<group>"; };
		8D30BCA71CE0D17D00F79D18 /* 54_Spiral_Matrix.cpp */ = {isa = PBXFileReference; fileEncoding = 4; lastKnownFileType = sourcecode.cpp.cpp; name = 54_Spiral_Matrix.cpp; path = LeetCode/54_Spiral_Matrix.cpp; sourceTree = "<group>"; };
		8D60A6FA1CE6437600B8DE7E /* 67_Add_Binary.cpp */ = {isa = PBXFileReference; fileEncoding = 4; lastKnownFileType = sourcecode.cpp.cpp; name = 67_Add_Binary.cpp; path = LeetCode/67_Add_Binary.cpp; sourceTree = "<group>"; };
		8D60A6FC1CE704B000B8DE7E /* 70_Climbing_Stairs.cpp */ = {isa = PBXFileReference; fileEncoding = 4; lastKnownFileType = sourcecode.cpp.cpp; name = 70_Climbing_Stairs.cpp; path = LeetCode/70_Climbing_Stairs.cpp; sourceTree = "<group>"; };
		8D60A6FE1CE70ADA00B8DE7E /* 71_Simplify_Path.cpp */ = {isa = PBXFileReference; fileEncoding = 4; lastKnownFileType = sourcecode.cpp.cpp; name = 71_Simplify_Path.cpp; path = LeetCode/71_Simplify_Path.cpp; sourceTree = "<group>"; };
		8DCEDD1B1CDE2A55003CB079 /* 58_Length_Of_Last_Word.cpp */ = {isa = PBXFileReference; fileEncoding = 4; lastKnownFileType = sourcecode.cpp.cpp; name = 58_Length_Of_Last_Word.cpp; path = LeetCode/58_Length_Of_Last_Word.cpp; sourceTree = "<group>"; };
/* End PBXFileReference section */

/* Begin PBXFrameworksBuildPhase section */
		8D0715751C8F1BC30011B820 /* Frameworks */ = {
			isa = PBXFrameworksBuildPhase;
			buildActionMask = 2147483647;
			files = (
				8D0715991C8F37D40011B820 /* gtest.framework in Frameworks */,
			);
			runOnlyForDeploymentPostprocessing = 0;
		};
		8D0715891C8F2A5D0011B820 /* Frameworks */ = {
			isa = PBXFrameworksBuildPhase;
			buildActionMask = 2147483647;
			files = (
				8D07159A1C8F38090011B820 /* gtest.framework in Frameworks */,
				8D0715961C8F31650011B820 /* libOJ.dylib in Frameworks */,
			);
			runOnlyForDeploymentPostprocessing = 0;
		};
/* End PBXFrameworksBuildPhase section */

/* Begin PBXGroup section */
		8D07156F1C8F1BC20011B820 = {
			isa = PBXGroup;
			children = (
				8D111A2B1CE8BEC00038C9B4 /* Algorithms */,
				8D0715841C8F22E70011B820 /* src */,
				8D0715971C8F37840011B820 /* gtest.framework */,
				8D07159E1C9EE33F0011B820 /* HackerRank */,
				8D07157F1C8F1C3F0011B820 /* LeetCode */,
				8D0715791C8F1BC30011B820 /* Products */,
				8D07158D1C8F2A5D0011B820 /* Tests */,
			);
			sourceTree = "<group>";
		};
		8D0715791C8F1BC30011B820 /* Products */ = {
			isa = PBXGroup;
			children = (
				8D0715781C8F1BC30011B820 /* libOJ.dylib */,
				8D07158C1C8F2A5D0011B820 /* Tests */,
			);
			name = Products;
			sourceTree = "<group>";
		};
		8D07157F1C8F1C3F0011B820 /* LeetCode */ = {
			isa = PBXGroup;
			children = (
				8D1CFF861CD46E1F007D100B /* 40_Combination_Sum_2.cpp */,
				8D1CFF781CCFAFBD007D100B /* 10_Regular_Expression_Matching.cpp */,
				8D1CFF7A1CCFC29C007D100B /* 34_Search_for_a_Range.cpp */,
				8D1CFF7C1CD264EC007D100B /* 35_Search_Insert_Position.cpp */,
				8D1CFF7E1CD26AB4007D100B /* 36_Valid_Sudoku.cpp */,
				8D1CFF801CD27873007D100B /* 37_Sudoku_Solver.cpp */,
				8D1CFF821CD450CD007D100B /* 38_Count_and_Say.cpp */,
				8D1CFF841CD45A85007D100B /* 39_Combination_Sum.cpp */,
				8D1CFF881CD48335007D100B /* 41_First_Missing_Positive.cpp */,
				8D1CFF8A1CD64B59007D100B /* 42_Trapping_Rain_Water.cpp */,
				8D1CFF8C1CD79490007D100B /* 43_Multiply_Strings.cpp */,
				8D1CFF8E1CD7A5FE007D100B /* 44_Wildcard_Matching.cpp */,
				8D1CFF901CD8ED23007D100B /* 55_Jump_Game.cpp */,
				8D1CFF921CDA43A5007D100B /* 45_Jump_Game_2.cpp */,
				8D1CFF941CDB88B8007D100B /* 46_Permutations.cpp */,
				8D1CFF961CDB9D03007D100B /* 47_Permutations_2.cpp */,
				8DCEDD1B1CDE2A55003CB079 /* 58_Length_Of_Last_Word.cpp */,
				8D30BCA01CE0AD2900F79D18 /* 51_N_Queens.cpp */,
				8D30BCA21CE0BDE000F79D18 /* 52_N_Queens_2.cpp */,
				8D30BCA41CE0C61D00F79D18 /* shared.h */,
				8D30BCA51CE0C68600F79D18 /* 53_Maximum_Subarray.cpp */,
				8D30BCA71CE0D17D00F79D18 /* 54_Spiral_Matrix.cpp */,
				8D1E0F9D1CE36E8800ED73AB /* 59_Spiral_Matrix_2.cpp */,
				8D1E0F9F1CE378FA00ED73AB /* 60_Permutation_Sequence.cpp */,
				8D1E0FA11CE3848900ED73AB /* 61_Rotate_List.cpp */,
				8D1E0FA31CE38A6900ED73AB /* 62_Unique_Paths.cpp */,
				8D1E0FA71CE4D0DE00ED73AB /* 64_Minimum_Path_Sum.cpp */,
				8D1E0FA91CE4D3E600ED73AB /* 65_Valid_Number.cpp */,
				8D1E0FAB1CE4E0A600ED73AB /* 66_Plus_One.cpp */,
				8D1E0FAD1CE4E36800ED73AB /* 68_Text_Justification.cpp */,
				8D60A6FA1CE6437600B8DE7E /* 67_Add_Binary.cpp */,
				8D60A6FC1CE704B000B8DE7E /* 70_Climbing_Stairs.cpp */,
				8D60A6FE1CE70ADA00B8DE7E /* 71_Simplify_Path.cpp */,
				8D111A231CE7724B0038C9B4 /* 72_Edit_Distance.cpp */,
				8D111A251CE7735D0038C9B4 /* 73_Set_Matrix_Zeroes.cpp */,
				8D111A271CE78D3E0038C9B4 /* 74_Search_a_2D_Matrix.cpp */,
				8D111A291CE8B81B0038C9B4 /* 75_Sort_Colors.cpp */,
				8D111A2E1CE8C1010038C9B4 /* 76_Minimum_Window_Substring.cpp */,
				8D111A301CEA2E8F0038C9B4 /* 77_Combinations.cpp */,
			);
			name = LeetCode;
			sourceTree = "<group>";
		};
		8D07158D1C8F2A5D0011B820 /* Tests */ = {
			isa = PBXGroup;
			children = (
				8D07158E1C8F2A5D0011B820 /* main.cpp */,
			);
			path = Tests;
			sourceTree = "<group>";
		};
		8D07159E1C9EE33F0011B820 /* HackerRank */ = {
			isa = PBXGroup;
			children = (
			);
			name = HackerRank;
			sourceTree = "<group>";
		};
		8D111A2B1CE8BEC00038C9B4 /* Algorithms */ = {
			isa = PBXGroup;
			children = (
				8D111A2C1CE8BF000038C9B4 /* Sort.cpp */,
			);
			name = Algorithms;
			sourceTree = "<group>";
		};
/* End PBXGroup section */

/* Begin PBXHeadersBuildPhase section */
		8D0715761C8F1BC30011B820 /* Headers */ = {
			isa = PBXHeadersBuildPhase;
			buildActionMask = 2147483647;
			files = (
			);
			runOnlyForDeploymentPostprocessing = 0;
		};
/* End PBXHeadersBuildPhase section */

/* Begin PBXNativeTarget section */
		8D0715771C8F1BC30011B820 /* OJ */ = {
			isa = PBXNativeTarget;
			buildConfigurationList = 8D07157C1C8F1BC30011B820 /* Build configuration list for PBXNativeTarget "OJ" */;
			buildPhases = (
				8D0715741C8F1BC30011B820 /* Sources */,
				8D0715751C8F1BC30011B820 /* Frameworks */,
				8D0715761C8F1BC30011B820 /* Headers */,
			);
			buildRules = (
			);
			dependencies = (
			);
			name = OJ;
			productName = OJ;
			productReference = 8D0715781C8F1BC30011B820 /* libOJ.dylib */;
			productType = "com.apple.product-type.library.dynamic";
		};
		8D07158B1C8F2A5D0011B820 /* Tests */ = {
			isa = PBXNativeTarget;
			buildConfigurationList = 8D0715901C8F2A5D0011B820 /* Build configuration list for PBXNativeTarget "Tests" */;
			buildPhases = (
				8D0715881C8F2A5D0011B820 /* Sources */,
				8D0715891C8F2A5D0011B820 /* Frameworks */,
				8D07158A1C8F2A5D0011B820 /* CopyFiles */,
			);
			buildRules = (
			);
			dependencies = (
			);
			name = Tests;
			productName = Tests;
			productReference = 8D07158C1C8F2A5D0011B820 /* Tests */;
			productType = "com.apple.product-type.tool";
		};
/* End PBXNativeTarget section */

/* Begin PBXProject section */
		8D0715701C8F1BC20011B820 /* Project object */ = {
			isa = PBXProject;
			attributes = {
				LastUpgradeCheck = 0720;
				ORGANIZATIONNAME = "Yangde-Software";
				TargetAttributes = {
					8D0715771C8F1BC30011B820 = {
						CreatedOnToolsVersion = 7.2;
					};
					8D07158B1C8F2A5D0011B820 = {
						CreatedOnToolsVersion = 7.2;
					};
				};
			};
			buildConfigurationList = 8D0715731C8F1BC20011B820 /* Build configuration list for PBXProject "OJ" */;
			compatibilityVersion = "Xcode 3.2";
			developmentRegion = English;
			hasScannedForEncodings = 0;
			knownRegions = (
				en,
			);
			mainGroup = 8D07156F1C8F1BC20011B820;
			productRefGroup = 8D0715791C8F1BC30011B820 /* Products */;
			projectDirPath = "";
			projectRoot = "";
			targets = (
				8D0715771C8F1BC30011B820 /* OJ */,
				8D07158B1C8F2A5D0011B820 /* Tests */,
			);
		};
/* End PBXProject section */

/* Begin PBXSourcesBuildPhase section */
		8D0715741C8F1BC30011B820 /* Sources */ = {
			isa = PBXSourcesBuildPhase;
			buildActionMask = 2147483647;
			files = (
				8D1E0FAC1CE4E0A600ED73AB /* 66_Plus_One.cpp in Sources */,
				8D1CFF831CD450CD007D100B /* 38_Count_and_Say.cpp in Sources */,
				8D1CFF931CDA43A5007D100B /* 45_Jump_Game_2.cpp in Sources */,
				8D111A261CE7735D0038C9B4 /* 73_Set_Matrix_Zeroes.cpp in Sources */,
				8D111A241CE7724B0038C9B4 /* 72_Edit_Distance.cpp in Sources */,
				8D1CFF7B1CCFC29C007D100B /* 34_Search_for_a_Range.cpp in Sources */,
				8D1CFF8B1CD64B59007D100B /* 42_Trapping_Rain_Water.cpp in Sources */,
				8D60A6FF1CE70ADA00B8DE7E /* 71_Simplify_Path.cpp in Sources */,
				8D1CFF8F1CD7A5FE007D100B /* 44_Wildcard_Matching.cpp in Sources */,
				8D30BCA11CE0AD2900F79D18 /* 51_N_Queens.cpp in Sources */,
				8D1CFF7D1CD264EC007D100B /* 35_Search_Insert_Position.cpp in Sources */,
				8D30BCA81CE0D17D00F79D18 /* 54_Spiral_Matrix.cpp in Sources */,
				8D60A6FB1CE6437600B8DE7E /* 67_Add_Binary.cpp in Sources */,
				8D1E0FAA1CE4D3E600ED73AB /* 65_Valid_Number.cpp in Sources */,
				8D1CFF891CD48335007D100B /* 41_First_Missing_Positive.cpp in Sources */,
				8D1CFF851CD45A85007D100B /* 39_Combination_Sum.cpp in Sources */,
				8D1E0FAE1CE4E36800ED73AB /* 68_Text_Justification.cpp in Sources */,
				8D1CFF871CD46E1F007D100B /* 40_Combination_Sum_2.cpp in Sources */,
				8D1E0FA81CE4D0DE00ED73AB /* 64_Minimum_Path_Sum.cpp in Sources */,
				8D1E0FA21CE3848900ED73AB /* 61_Rotate_List.cpp in Sources */,
				8D1CFF911CD8ED23007D100B /* 55_Jump_Game.cpp in Sources */,
				8D1CFF951CDB88B8007D100B /* 46_Permutations.cpp in Sources */,
				8D111A281CE78D3E0038C9B4 /* 74_Search_a_2D_Matrix.cpp in Sources */,
				8D111A2A1CE8B81B0038C9B4 /* 75_Sort_Colors.cpp in Sources */,
				8D60A6FD1CE704B000B8DE7E /* 70_Climbing_Stairs.cpp in Sources */,
				8D1CFF7F1CD26AB4007D100B /* 36_Valid_Sudoku.cpp in Sources */,
				8D111A2D1CE8BF000038C9B4 /* Sort.cpp in Sources */,
				8D1E0F9E1CE36E8800ED73AB /* 59_Spiral_Matrix_2.cpp in Sources */,
				8D1CFF971CDB9D03007D100B /* 47_Permutations_2.cpp in Sources */,
				8DCEDD1C1CDE2A55003CB079 /* 58_Length_Of_Last_Word.cpp in Sources */,
				8D1CFF811CD27873007D100B /* 37_Sudoku_Solver.cpp in Sources */,
				8D111A2F1CE8C1010038C9B4 /* 76_Minimum_Window_Substring.cpp in Sources */,
				8D1CFF8D1CD79490007D100B /* 43_Multiply_Strings.cpp in Sources */,
				8D30BCA61CE0C68600F79D18 /* 53_Maximum_Subarray.cpp in Sources */,
				8D111A311CEA2E8F0038C9B4 /* 77_Combinations.cpp in Sources */,
				8D1E0FA01CE378FA00ED73AB /* 60_Permutation_Sequence.cpp in Sources */,
				8D1CFF791CCFAFBD007D100B /* 10_Regular_Expression_Matching.cpp in Sources */,
				8D1E0FA41CE38A6900ED73AB /* 62_Unique_Paths.cpp in Sources */,
				8D30BCA31CE0BDE000F79D18 /* 52_N_Queens_2.cpp in Sources */,
			);
			runOnlyForDeploymentPostprocessing = 0;
		};
		8D0715881C8F2A5D0011B820 /* Sources */ = {
			isa = PBXSourcesBuildPhase;
			buildActionMask = 2147483647;
			files = (
				8D07158F1C8F2A5D0011B820 /* main.cpp in Sources */,
			);
			runOnlyForDeploymentPostprocessing = 0;
		};
/* End PBXSourcesBuildPhase section */

/* Begin XCBuildConfiguration section */
		8D07157A1C8F1BC30011B820 /* Debug */ = {
			isa = XCBuildConfiguration;
			buildSettings = {
				ALWAYS_SEARCH_USER_PATHS = NO;
				CLANG_CXX_LANGUAGE_STANDARD = "gnu++0x";
				CLANG_CXX_LIBRARY = "libc++";
				CLANG_ENABLE_MODULES = YES;
				CLANG_ENABLE_OBJC_ARC = YES;
				CLANG_WARN_BOOL_CONVERSION = YES;
				CLANG_WARN_CONSTANT_CONVERSION = YES;
				CLANG_WARN_DIRECT_OBJC_ISA_USAGE = YES_ERROR;
				CLANG_WARN_EMPTY_BODY = YES;
				CLANG_WARN_ENUM_CONVERSION = YES;
				CLANG_WARN_INT_CONVERSION = YES;
				CLANG_WARN_OBJC_ROOT_CLASS = YES_ERROR;
				CLANG_WARN_UNREACHABLE_CODE = YES;
				CLANG_WARN__DUPLICATE_METHOD_MATCH = YES;
				CODE_SIGN_IDENTITY = "-";
				COPY_PHASE_STRIP = NO;
				DEBUG_INFORMATION_FORMAT = dwarf;
				ENABLE_STRICT_OBJC_MSGSEND = YES;
				ENABLE_TESTABILITY = YES;
				GCC_C_LANGUAGE_STANDARD = gnu99;
				GCC_DYNAMIC_NO_PIC = NO;
				GCC_NO_COMMON_BLOCKS = YES;
				GCC_OPTIMIZATION_LEVEL = 0;
				GCC_PREPROCESSOR_DEFINITIONS = (
					"DEBUG=1",
					"$(inherited)",
				);
				GCC_WARN_64_TO_32_BIT_CONVERSION = YES;
				GCC_WARN_ABOUT_RETURN_TYPE = YES_ERROR;
				GCC_WARN_UNDECLARED_SELECTOR = YES;
				GCC_WARN_UNINITIALIZED_AUTOS = YES_AGGRESSIVE;
				GCC_WARN_UNUSED_FUNCTION = YES;
				GCC_WARN_UNUSED_VARIABLE = YES;
				MACOSX_DEPLOYMENT_TARGET = 10.11;
				MTL_ENABLE_DEBUG_INFO = YES;
				ONLY_ACTIVE_ARCH = YES;
				SDKROOT = macosx;
			};
			name = Debug;
		};
		8D07157B1C8F1BC30011B820 /* Release */ = {
			isa = XCBuildConfiguration;
			buildSettings = {
				ALWAYS_SEARCH_USER_PATHS = NO;
				CLANG_CXX_LANGUAGE_STANDARD = "gnu++0x";
				CLANG_CXX_LIBRARY = "libc++";
				CLANG_ENABLE_MODULES = YES;
				CLANG_ENABLE_OBJC_ARC = YES;
				CLANG_WARN_BOOL_CONVERSION = YES;
				CLANG_WARN_CONSTANT_CONVERSION = YES;
				CLANG_WARN_DIRECT_OBJC_ISA_USAGE = YES_ERROR;
				CLANG_WARN_EMPTY_BODY = YES;
				CLANG_WARN_ENUM_CONVERSION = YES;
				CLANG_WARN_INT_CONVERSION = YES;
				CLANG_WARN_OBJC_ROOT_CLASS = YES_ERROR;
				CLANG_WARN_UNREACHABLE_CODE = YES;
				CLANG_WARN__DUPLICATE_METHOD_MATCH = YES;
				CODE_SIGN_IDENTITY = "-";
				COPY_PHASE_STRIP = NO;
				DEBUG_INFORMATION_FORMAT = "dwarf-with-dsym";
				ENABLE_NS_ASSERTIONS = NO;
				ENABLE_STRICT_OBJC_MSGSEND = YES;
				GCC_C_LANGUAGE_STANDARD = gnu99;
				GCC_NO_COMMON_BLOCKS = YES;
				GCC_WARN_64_TO_32_BIT_CONVERSION = YES;
				GCC_WARN_ABOUT_RETURN_TYPE = YES_ERROR;
				GCC_WARN_UNDECLARED_SELECTOR = YES;
				GCC_WARN_UNINITIALIZED_AUTOS = YES_AGGRESSIVE;
				GCC_WARN_UNUSED_FUNCTION = YES;
				GCC_WARN_UNUSED_VARIABLE = YES;
				MACOSX_DEPLOYMENT_TARGET = 10.11;
				MTL_ENABLE_DEBUG_INFO = NO;
				SDKROOT = macosx;
			};
			name = Release;
		};
		8D07157D1C8F1BC30011B820 /* Debug */ = {
			isa = XCBuildConfiguration;
			buildSettings = {
				DYLIB_COMPATIBILITY_VERSION = 1;
				DYLIB_CURRENT_VERSION = 1;
				EXECUTABLE_PREFIX = lib;
				FRAMEWORK_SEARCH_PATHS = (
					"$(inherited)",
					"$(PROJECT_DIR)",
					"$(PROJECT_DIR)/googletest",
					"$(PROJECT_DIR)/googletest/googletest",
					"$(PROJECT_DIR)/googletest/googletest/include",
				);
				PRODUCT_NAME = "$(TARGET_NAME)";
				SKIP_INSTALL = YES;
				USER_HEADER_SEARCH_PATHS = "$(PROJECT_DIR)/googletest $(PROJECT_DIR)/googletest/googletest/include";
			};
			name = Debug;
		};
		8D07157E1C8F1BC30011B820 /* Release */ = {
			isa = XCBuildConfiguration;
			buildSettings = {
				DYLIB_COMPATIBILITY_VERSION = 1;
				DYLIB_CURRENT_VERSION = 1;
				EXECUTABLE_PREFIX = lib;
				FRAMEWORK_SEARCH_PATHS = (
					"$(inherited)",
					"$(PROJECT_DIR)",
					"$(PROJECT_DIR)/googletest",
					"$(PROJECT_DIR)/googletest/googletest",
					"$(PROJECT_DIR)/googletest/googletest/include",
				);
				PRODUCT_NAME = "$(TARGET_NAME)";
				SKIP_INSTALL = YES;
				USER_HEADER_SEARCH_PATHS = "$(PROJECT_DIR)/googletest $(PROJECT_DIR)/googletest/googletest/include";
			};
			name = Release;
		};
		8D0715911C8F2A5D0011B820 /* Debug */ = {
			isa = XCBuildConfiguration;
			buildSettings = {
				ARCHS = "$(ARCHS_STANDARD)";
				FRAMEWORK_SEARCH_PATHS = (
					"$(PROJECT_DIR)",
					"$(PROJECT_DIR)/googletest",
				);
				PRODUCT_NAME = "$(TARGET_NAME)";
				USER_HEADER_SEARCH_PATHS = "$(PROJECT_DIR)/googletest $(PROJECT_DIR)/googletest/googletest/include";
			};
			name = Debug;
		};
		8D0715921C8F2A5D0011B820 /* Release */ = {
			isa = XCBuildConfiguration;
			buildSettings = {
				ARCHS = "$(ARCHS_STANDARD)";
				FRAMEWORK_SEARCH_PATHS = (
					"$(PROJECT_DIR)",
					"$(PROJECT_DIR)/googletest",
				);
				PRODUCT_NAME = "$(TARGET_NAME)";
				USER_HEADER_SEARCH_PATHS = "$(PROJECT_DIR)/googletest $(PROJECT_DIR)/googletest/googletest/include";
			};
			name = Release;
		};
/* End XCBuildConfiguration section */

/* Begin XCConfigurationList section */
		8D0715731C8F1BC20011B820 /* Build configuration list for PBXProject "OJ" */ = {
			isa = XCConfigurationList;
			buildConfigurations = (
				8D07157A1C8F1BC30011B820 /* Debug */,
				8D07157B1C8F1BC30011B820 /* Release */,
			);
			defaultConfigurationIsVisible = 0;
			defaultConfigurationName = Release;
		};
		8D07157C1C8F1BC30011B820 /* Build configuration list for PBXNativeTarget "OJ" */ = {
			isa = XCConfigurationList;
			buildConfigurations = (
				8D07157D1C8F1BC30011B820 /* Debug */,
				8D07157E1C8F1BC30011B820 /* Release */,
			);
			defaultConfigurationIsVisible = 0;
			defaultConfigurationName = Release;
		};
		8D0715901C8F2A5D0011B820 /* Build configuration list for PBXNativeTarget "Tests" */ = {
			isa = XCConfigurationList;
			buildConfigurations = (
				8D0715911C8F2A5D0011B820 /* Debug */,
				8D0715921C8F2A5D0011B820 /* Release */,
			);
			defaultConfigurationIsVisible = 0;
			defaultConfigurationName = Release;
		};
/* End XCConfigurationList section */
	};
	rootObject = 8D0715701C8F1BC20011B820 /* Project object */;
}
