// !$*UTF8*$!
{
	archiveVersion = 1;
	classes = {
	};
	objectVersion = 46;
	objects = {

/* Begin PBXBuildFile section */
		8D07158F1C8F2A5D0011B820 /* main.cpp in Sources */ = {isa = PBXBuildFile; fileRef = 8D07158E1C8F2A5D0011B820 /* main.cpp */; };
		8D0715961C8F31650011B820 /* libOJ.dylib in Frameworks */ = {isa = PBXBuildFile; fileRef = 8D0715781C8F1BC30011B820 /* libOJ.dylib */; };
		8D0715991C8F37D40011B820 /* gtest.framework in Frameworks */ = {isa = PBXBuildFile; fileRef = 8D0715971C8F37840011B820 /* gtest.framework */; };
		8D07159A1C8F38090011B820 /* gtest.framework in Frameworks */ = {isa = PBXBuildFile; fileRef = 8D0715971C8F37840011B820 /* gtest.framework */; };
		8D0AA12E1D0EEB1E00417C80 /* 129_Sum_Root_To_Leaf_Numbers.cpp in Sources */ = {isa = PBXBuildFile; fileRef = 8D0AA12D1D0EEB1E00417C80 /* 129_Sum_Root_To_Leaf_Numbers.cpp */; };
		8D111A241CE7724B0038C9B4 /* 72_Edit_Distance.cpp in Sources */ = {isa = PBXBuildFile; fileRef = 8D111A231CE7724B0038C9B4 /* 72_Edit_Distance.cpp */; };
		8D111A261CE7735D0038C9B4 /* 73_Set_Matrix_Zeroes.cpp in Sources */ = {isa = PBXBuildFile; fileRef = 8D111A251CE7735D0038C9B4 /* 73_Set_Matrix_Zeroes.cpp */; };
		8D111A281CE78D3E0038C9B4 /* 74_Search_a_2D_Matrix.cpp in Sources */ = {isa = PBXBuildFile; fileRef = 8D111A271CE78D3E0038C9B4 /* 74_Search_a_2D_Matrix.cpp */; };
		8D111A2A1CE8B81B0038C9B4 /* 75_Sort_Colors.cpp in Sources */ = {isa = PBXBuildFile; fileRef = 8D111A291CE8B81B0038C9B4 /* 75_Sort_Colors.cpp */; };
		8D111A2D1CE8BF000038C9B4 /* Sort.cpp in Sources */ = {isa = PBXBuildFile; fileRef = 8D111A2C1CE8BF000038C9B4 /* Sort.cpp */; };
		8D111A2F1CE8C1010038C9B4 /* 76_Minimum_Window_Substring.cpp in Sources */ = {isa = PBXBuildFile; fileRef = 8D111A2E1CE8C1010038C9B4 /* 76_Minimum_Window_Substring.cpp */; };
		8D111A311CEA2E8F0038C9B4 /* 77_Combinations.cpp in Sources */ = {isa = PBXBuildFile; fileRef = 8D111A301CEA2E8F0038C9B4 /* 77_Combinations.cpp */; };
		8D111A331CEA32640038C9B4 /* 78_Subsets.cpp in Sources */ = {isa = PBXBuildFile; fileRef = 8D111A321CEA32640038C9B4 /* 78_Subsets.cpp */; };
		8D111A351CEB70BA0038C9B4 /* 79_Word_Search.cpp in Sources */ = {isa = PBXBuildFile; fileRef = 8D111A341CEB70BA0038C9B4 /* 79_Word_Search.cpp */; };
		8D111A371CEB75F60038C9B4 /* 80_Remove_Duplicates_From_Sorted_Array2.cpp in Sources */ = {isa = PBXBuildFile; fileRef = 8D111A361CEB75F60038C9B4 /* 80_Remove_Duplicates_From_Sorted_Array2.cpp */; };
		8D111A391CEB7B3F0038C9B4 /* 81_Search_in_Rotated_Sorted_Array2.cpp in Sources */ = {isa = PBXBuildFile; fileRef = 8D111A381CEB7B3F0038C9B4 /* 81_Search_in_Rotated_Sorted_Array2.cpp */; };
		8D1CFF791CCFAFBD007D100B /* 10_Regular_Expression_Matching.cpp in Sources */ = {isa = PBXBuildFile; fileRef = 8D1CFF781CCFAFBD007D100B /* 10_Regular_Expression_Matching.cpp */; };
		8D1CFF7B1CCFC29C007D100B /* 34_Search_for_a_Range.cpp in Sources */ = {isa = PBXBuildFile; fileRef = 8D1CFF7A1CCFC29C007D100B /* 34_Search_for_a_Range.cpp */; };
		8D1CFF7D1CD264EC007D100B /* 35_Search_Insert_Position.cpp in Sources */ = {isa = PBXBuildFile; fileRef = 8D1CFF7C1CD264EC007D100B /* 35_Search_Insert_Position.cpp */; };
		8D1CFF7F1CD26AB4007D100B /* 36_Valid_Sudoku.cpp in Sources */ = {isa = PBXBuildFile; fileRef = 8D1CFF7E1CD26AB4007D100B /* 36_Valid_Sudoku.cpp */; };
		8D1CFF811CD27873007D100B /* 37_Sudoku_Solver.cpp in Sources */ = {isa = PBXBuildFile; fileRef = 8D1CFF801CD27873007D100B /* 37_Sudoku_Solver.cpp */; };
		8D1CFF831CD450CD007D100B /* 38_Count_and_Say.cpp in Sources */ = {isa = PBXBuildFile; fileRef = 8D1CFF821CD450CD007D100B /* 38_Count_and_Say.cpp */; };
		8D1CFF851CD45A85007D100B /* 39_Combination_Sum.cpp in Sources */ = {isa = PBXBuildFile; fileRef = 8D1CFF841CD45A85007D100B /* 39_Combination_Sum.cpp */; };
		8D1CFF871CD46E1F007D100B /* 40_Combination_Sum_2.cpp in Sources */ = {isa = PBXBuildFile; fileRef = 8D1CFF861CD46E1F007D100B /* 40_Combination_Sum_2.cpp */; };
		8D1CFF891CD48335007D100B /* 41_First_Missing_Positive.cpp in Sources */ = {isa = PBXBuildFile; fileRef = 8D1CFF881CD48335007D100B /* 41_First_Missing_Positive.cpp */; };
		8D1CFF8B1CD64B59007D100B /* 42_Trapping_Rain_Water.cpp in Sources */ = {isa = PBXBuildFile; fileRef = 8D1CFF8A1CD64B59007D100B /* 42_Trapping_Rain_Water.cpp */; };
		8D1CFF8D1CD79490007D100B /* 43_Multiply_Strings.cpp in Sources */ = {isa = PBXBuildFile; fileRef = 8D1CFF8C1CD79490007D100B /* 43_Multiply_Strings.cpp */; };
		8D1CFF8F1CD7A5FE007D100B /* 44_Wildcard_Matching.cpp in Sources */ = {isa = PBXBuildFile; fileRef = 8D1CFF8E1CD7A5FE007D100B /* 44_Wildcard_Matching.cpp */; };
		8D1CFF911CD8ED23007D100B /* 55_Jump_Game.cpp in Sources */ = {isa = PBXBuildFile; fileRef = 8D1CFF901CD8ED23007D100B /* 55_Jump_Game.cpp */; };
		8D1CFF931CDA43A5007D100B /* 45_Jump_Game_2.cpp in Sources */ = {isa = PBXBuildFile; fileRef = 8D1CFF921CDA43A5007D100B /* 45_Jump_Game_2.cpp */; };
		8D1CFF951CDB88B8007D100B /* 46_Permutations.cpp in Sources */ = {isa = PBXBuildFile; fileRef = 8D1CFF941CDB88B8007D100B /* 46_Permutations.cpp */; };
		8D1CFF971CDB9D03007D100B /* 47_Permutations_2.cpp in Sources */ = {isa = PBXBuildFile; fileRef = 8D1CFF961CDB9D03007D100B /* 47_Permutations_2.cpp */; };
		8D1E0F9E1CE36E8800ED73AB /* 59_Spiral_Matrix_2.cpp in Sources */ = {isa = PBXBuildFile; fileRef = 8D1E0F9D1CE36E8800ED73AB /* 59_Spiral_Matrix_2.cpp */; };
		8D1E0FA01CE378FA00ED73AB /* 60_Permutation_Sequence.cpp in Sources */ = {isa = PBXBuildFile; fileRef = 8D1E0F9F1CE378FA00ED73AB /* 60_Permutation_Sequence.cpp */; };
		8D1E0FA21CE3848900ED73AB /* 61_Rotate_List.cpp in Sources */ = {isa = PBXBuildFile; fileRef = 8D1E0FA11CE3848900ED73AB /* 61_Rotate_List.cpp */; };
		8D1E0FA41CE38A6900ED73AB /* 62_Unique_Paths.cpp in Sources */ = {isa = PBXBuildFile; fileRef = 8D1E0FA31CE38A6900ED73AB /* 62_Unique_Paths.cpp */; };
		8D1E0FA81CE4D0DE00ED73AB /* 64_Minimum_Path_Sum.cpp in Sources */ = {isa = PBXBuildFile; fileRef = 8D1E0FA71CE4D0DE00ED73AB /* 64_Minimum_Path_Sum.cpp */; };
		8D1E0FAA1CE4D3E600ED73AB /* 65_Valid_Number.cpp in Sources */ = {isa = PBXBuildFile; fileRef = 8D1E0FA91CE4D3E600ED73AB /* 65_Valid_Number.cpp */; };
		8D1E0FAC1CE4E0A600ED73AB /* 66_Plus_One.cpp in Sources */ = {isa = PBXBuildFile; fileRef = 8D1E0FAB1CE4E0A600ED73AB /* 66_Plus_One.cpp */; };
		8D1E0FAE1CE4E36800ED73AB /* 68_Text_Justification.cpp in Sources */ = {isa = PBXBuildFile; fileRef = 8D1E0FAD1CE4E36800ED73AB /* 68_Text_Justification.cpp */; };
		8D20634E1D0722660052BA4B /* 123_Best_Time_To_Buy_And_Sell_Stock_3.cpp in Sources */ = {isa = PBXBuildFile; fileRef = 8D20634D1D0722660052BA4B /* 123_Best_Time_To_Buy_And_Sell_Stock_3.cpp */; };
		8D211F8E1CF9853700E701D2 /* 96_Unique_Binary_Search_Trees.cpp in Sources */ = {isa = PBXBuildFile; fileRef = 8D211F8D1CF9853700E701D2 /* 96_Unique_Binary_Search_Trees.cpp */; };
		8D211F901CF9896500E701D2 /* 97_Interleaving_String.cpp in Sources */ = {isa = PBXBuildFile; fileRef = 8D211F8F1CF9896500E701D2 /* 97_Interleaving_String.cpp */; };
		8D211F921CF9A0D300E701D2 /* 98_Validate_Binary_Search_Tree.cpp in Sources */ = {isa = PBXBuildFile; fileRef = 8D211F911CF9A0D300E701D2 /* 98_Validate_Binary_Search_Tree.cpp */; };
		8D211F941CF9E04100E701D2 /* 100_Same_Tree.cpp in Sources */ = {isa = PBXBuildFile; fileRef = 8D211F931CF9E04100E701D2 /* 100_Same_Tree.cpp */; };
		8D211F961CF9E1AC00E701D2 /* 101_Symmetric_Tree.cpp in Sources */ = {isa = PBXBuildFile; fileRef = 8D211F951CF9E1AC00E701D2 /* 101_Symmetric_Tree.cpp */; };
		8D211F981CF9EC8200E701D2 /* 102_Binary_Tree_Level_Order_Traversal.cpp in Sources */ = {isa = PBXBuildFile; fileRef = 8D211F971CF9EC8200E701D2 /* 102_Binary_Tree_Level_Order_Traversal.cpp */; };
		8D211F9A1CF9F24D00E701D2 /* 103_Binary_Tree_Zigzag_Level_Order_Traversal.cpp in Sources */ = {isa = PBXBuildFile; fileRef = 8D211F991CF9F24D00E701D2 /* 103_Binary_Tree_Zigzag_Level_Order_Traversal.cpp */; };
		8D211F9C1CF9F41D00E701D2 /* 104_Maximum_Depth_Of_Binary_Tree.cpp in Sources */ = {isa = PBXBuildFile; fileRef = 8D211F9B1CF9F41D00E701D2 /* 104_Maximum_Depth_Of_Binary_Tree.cpp */; };
		8D211F9E1CF9F5FD00E701D2 /* 99_Recover_Binary_Search_Tree.cpp in Sources */ = {isa = PBXBuildFile; fileRef = 8D211F9D1CF9F5FD00E701D2 /* 99_Recover_Binary_Search_Tree.cpp */; };
		8D30BCA11CE0AD2900F79D18 /* 51_N_Queens.cpp in Sources */ = {isa = PBXBuildFile; fileRef = 8D30BCA01CE0AD2900F79D18 /* 51_N_Queens.cpp */; };
		8D30BCA31CE0BDE000F79D18 /* 52_N_Queens_2.cpp in Sources */ = {isa = PBXBuildFile; fileRef = 8D30BCA21CE0BDE000F79D18 /* 52_N_Queens_2.cpp */; };
		8D30BCA61CE0C68600F79D18 /* 53_Maximum_Subarray.cpp in Sources */ = {isa = PBXBuildFile; fileRef = 8D30BCA51CE0C68600F79D18 /* 53_Maximum_Subarray.cpp */; };
		8D30BCA81CE0D17D00F79D18 /* 54_Spiral_Matrix.cpp in Sources */ = {isa = PBXBuildFile; fileRef = 8D30BCA71CE0D17D00F79D18 /* 54_Spiral_Matrix.cpp */; };
		8D366EB31CF5FC00006137BF /* 94_Binary_Tree_Inorder_Traversal.cpp in Sources */ = {isa = PBXBuildFile; fileRef = 8D366EB21CF5FC00006137BF /* 94_Binary_Tree_Inorder_Traversal.cpp */; };
		8D3C793F1CF492610003AA1A /* 91_Decode_Ways.cpp in Sources */ = {isa = PBXBuildFile; fileRef = 8D3C793E1CF492610003AA1A /* 91_Decode_Ways.cpp */; };
		8D3C79411CF4A9CF0003AA1A /* 92_Reverse_Linked_List2.cpp in Sources */ = {isa = PBXBuildFile; fileRef = 8D3C79401CF4A9CF0003AA1A /* 92_Reverse_Linked_List2.cpp */; };
		8D5694771CFB1BE0008D8277 /* 105_Construct_Binary_Tree_From_PreOrder_And_Inorder_Traversal.cpp in Sources */ = {isa = PBXBuildFile; fileRef = 8D5694761CFB1BE0008D8277 /* 105_Construct_Binary_Tree_From_PreOrder_And_Inorder_Traversal.cpp */; };
		8D60A6FB1CE6437600B8DE7E /* 67_Add_Binary.cpp in Sources */ = {isa = PBXBuildFile; fileRef = 8D60A6FA1CE6437600B8DE7E /* 67_Add_Binary.cpp */; };
		8D60A6FD1CE704B000B8DE7E /* 70_Climbing_Stairs.cpp in Sources */ = {isa = PBXBuildFile; fileRef = 8D60A6FC1CE704B000B8DE7E /* 70_Climbing_Stairs.cpp */; };
		8D60A6FF1CE70ADA00B8DE7E /* 71_Simplify_Path.cpp in Sources */ = {isa = PBXBuildFile; fileRef = 8D60A6FE1CE70ADA00B8DE7E /* 71_Simplify_Path.cpp */; };
		8D83A2DF1CFEF66D002DC93F /* 112_Path_Sum.cpp in Sources */ = {isa = PBXBuildFile; fileRef = 8D83A2DE1CFEF66D002DC93F /* 112_Path_Sum.cpp */; };
		8D83A2E11CFEF820002DC93F /* 113_Path_Sum_2.cpp in Sources */ = {isa = PBXBuildFile; fileRef = 8D83A2E01CFEF820002DC93F /* 113_Path_Sum_2.cpp */; };
		8D83A2E31CFEFB50002DC93F /* 114_Flatten_Binary_Tree_To_Linked_List.cpp in Sources */ = {isa = PBXBuildFile; fileRef = 8D83A2E21CFEFB50002DC93F /* 114_Flatten_Binary_Tree_To_Linked_List.cpp */; };
		8D83A2E51CFEFDD3002DC93F /* 115_Distinct_Subsequences.cpp in Sources */ = {isa = PBXBuildFile; fileRef = 8D83A2E41CFEFDD3002DC93F /* 115_Distinct_Subsequences.cpp */; };
		8D83A2E71D008903002DC93F /* 118_Pascal_Triangle.cpp in Sources */ = {isa = PBXBuildFile; fileRef = 8D83A2E61D008903002DC93F /* 118_Pascal_Triangle.cpp */; };
		8D83A2E91D008C2B002DC93F /* 119_Pascal_Triangle_2.cpp in Sources */ = {isa = PBXBuildFile; fileRef = 8D83A2E81D008C2B002DC93F /* 119_Pascal_Triangle_2.cpp */; };
		8DA4ADF41CF34AF800DBA985 /* 90_Subset2.cpp in Sources */ = {isa = PBXBuildFile; fileRef = 8DA4ADF31CF34AF800DBA985 /* 90_Subset2.cpp */; };
		8DB045B91D046441008A92C8 /* 116_Populating_Next_Right_Pointers_in_Each_Node.cpp in Sources */ = {isa = PBXBuildFile; fileRef = 8DB045B81D046441008A92C8 /* 116_Populating_Next_Right_Pointers_in_Each_Node.cpp */; };
		8DB045BB1D0471F2008A92C8 /* 117_Populating_Next_Right_Pointers_In_Each_Node_2.cpp in Sources */ = {isa = PBXBuildFile; fileRef = 8DB045BA1D0471F2008A92C8 /* 117_Populating_Next_Right_Pointers_In_Each_Node_2.cpp */; };
		8DB045BD1D047CCC008A92C8 /* 120_Triangle.cpp in Sources */ = {isa = PBXBuildFile; fileRef = 8DB045BC1D047CCC008A92C8 /* 120_Triangle.cpp */; };
		8DBA2E8C1D0C596500075FFB /* 125_Valid_Palindrome.cpp in Sources */ = {isa = PBXBuildFile; fileRef = 8DBA2E8B1D0C596500075FFB /* 125_Valid_Palindrome.cpp */; };
		8DC025C71D05C88C0027626F /* 121_Best_Time_To_Buy_And_Sell_Stock.cpp in Sources */ = {isa = PBXBuildFile; fileRef = 8DC025C61D05C88C0027626F /* 121_Best_Time_To_Buy_And_Sell_Stock.cpp */; };
		8DC025C91D05CD060027626F /* 122_Best_Time_To_Buy_And_Sell_Stock_2.cpp in Sources */ = {isa = PBXBuildFile; fileRef = 8DC025C81D05CD060027626F /* 122_Best_Time_To_Buy_And_Sell_Stock_2.cpp */; };
		8DC3D0C11CF74F1F00C71F17 /* 95_Unique_Binary_Search_Tree2.cpp in Sources */ = {isa = PBXBuildFile; fileRef = 8DC3D0C01CF74F1F00C71F17 /* 95_Unique_Binary_Search_Tree2.cpp */; };
		8DC5FF281CECAE31004369DF /* 82_Remove_Duplicates_From_Sorted_List2.cpp in Sources */ = {isa = PBXBuildFile; fileRef = 8DC5FF271CECAE31004369DF /* 82_Remove_Duplicates_From_Sorted_List2.cpp */; };
		8DC5FF2A1CECBB89004369DF /* 83_Remove_Duplicates_From_Sorted_List.cpp in Sources */ = {isa = PBXBuildFile; fileRef = 8DC5FF291CECBB89004369DF /* 83_Remove_Duplicates_From_Sorted_List.cpp */; };
		8DC5FF2C1CECC242004369DF /* heap.cpp in Sources */ = {isa = PBXBuildFile; fileRef = 8DC5FF2B1CECC242004369DF /* heap.cpp */; };
		8DC5FF2E1CEE0825004369DF /* 84_Largest_Rectangle_in_Histogram.cpp in Sources */ = {isa = PBXBuildFile; fileRef = 8DC5FF2D1CEE0825004369DF /* 84_Largest_Rectangle_in_Histogram.cpp */; };
		8DCE05541D0D8F52005F9965 /* 127_Word_Ladder.cpp in Sources */ = {isa = PBXBuildFile; fileRef = 8DCE05531D0D8F52005F9965 /* 127_Word_Ladder.cpp */; };
		8DCEDD1C1CDE2A55003CB079 /* 58_Length_Of_Last_Word.cpp in Sources */ = {isa = PBXBuildFile; fileRef = 8DCEDD1B1CDE2A55003CB079 /* 58_Length_Of_Last_Word.cpp */; };
		8DEB7F9A1CFC8B130038EAD7 /* 106_Construct_Binary_Tree_From_Inorder_And_Postorder_Traversal.cpp in Sources */ = {isa = PBXBuildFile; fileRef = 8DEB7F991CFC8B130038EAD7 /* 106_Construct_Binary_Tree_From_Inorder_And_Postorder_Traversal.cpp */; };
		8DEB7F9C1CFC8E7B0038EAD7 /* 107_Binary_Tree_Level_Order_Traversal2.cpp in Sources */ = {isa = PBXBuildFile; fileRef = 8DEB7F9B1CFC8E7B0038EAD7 /* 107_Binary_Tree_Level_Order_Traversal2.cpp */; };
		8DF5C8161CFDCD1D00A1B5A6 /* 108_Convert_Sorted_Array_To_Binary_Search_Tree.cpp in Sources */ = {isa = PBXBuildFile; fileRef = 8DF5C8151CFDCD1D00A1B5A6 /* 108_Convert_Sorted_Array_To_Binary_Search_Tree.cpp */; };
		8DF5C8181CFDCE8100A1B5A6 /* 109_Convert_Sorted_List_To_Binary_Search_Tree.cpp in Sources */ = {isa = PBXBuildFile; fileRef = 8DF5C8171CFDCE8100A1B5A6 /* 109_Convert_Sorted_List_To_Binary_Search_Tree.cpp */; };
		8DF5C81A1CFDD40F00A1B5A6 /* 110_Balanced_Binary_Tree.cpp in Sources */ = {isa = PBXBuildFile; fileRef = 8DF5C8191CFDD40F00A1B5A6 /* 110_Balanced_Binary_Tree.cpp */; };
		8DF5C81C1CFDDEB100A1B5A6 /* 111_Minimum_Depth_Of_Binary_Tree.cpp in Sources */ = {isa = PBXBuildFile; fileRef = 8DF5C81B1CFDDEB100A1B5A6 /* 111_Minimum_Depth_Of_Binary_Tree.cpp */; };
		8DFFAC641CEF60720027E2CC /* 86_Partition_List.cpp in Sources */ = {isa = PBXBuildFile; fileRef = 8DFFAC631CEF60720027E2CC /* 86_Partition_List.cpp */; };
		8DFFAC661CF053D10027E2CC /* 87_Scramble_String.cpp in Sources */ = {isa = PBXBuildFile; fileRef = 8DFFAC651CF053D10027E2CC /* 87_Scramble_String.cpp */; };
		8DFFAC681CF19A6C0027E2CC /* 85_Maximal_Rectangle.cpp in Sources */ = {isa = PBXBuildFile; fileRef = 8DFFAC671CF19A6C0027E2CC /* 85_Maximal_Rectangle.cpp */; };
		8DFFAC6A1CF1AE0E0027E2CC /* 88_MergeSortedArray.cpp in Sources */ = {isa = PBXBuildFile; fileRef = 8DFFAC691CF1AE0E0027E2CC /* 88_MergeSortedArray.cpp */; };
		8DFFAC6C1CF1B1270027E2CC /* 89_Gray_Code.cpp in Sources */ = {isa = PBXBuildFile; fileRef = 8DFFAC6B1CF1B1270027E2CC /* 89_Gray_Code.cpp */; };
/* End PBXBuildFile section */

/* Begin PBXCopyFilesBuildPhase section */
		8D07158A1C8F2A5D0011B820 /* CopyFiles */ = {
			isa = PBXCopyFilesBuildPhase;
			buildActionMask = 2147483647;
			dstPath = /usr/share/man/man1/;
			dstSubfolderSpec = 0;
			files = (
			);
			runOnlyForDeploymentPostprocessing = 1;
		};
/* End PBXCopyFilesBuildPhase section */

/* Begin PBXFileReference section */
		8D0715781C8F1BC30011B820 /* libOJ.dylib */ = {isa = PBXFileReference; explicitFileType = "compiled.mach-o.dylib"; includeInIndex = 0; path = libOJ.dylib; sourceTree = BUILT_PRODUCTS_DIR; };
		8D0715841C8F22E70011B820 /* src */ = {isa = PBXFileReference; lastKnownFileType = folder; name = src; path = googletest/googletest/src; sourceTree = "<group>"; };
		8D07158C1C8F2A5D0011B820 /* Tests */ = {isa = PBXFileReference; explicitFileType = "compiled.mach-o.executable"; includeInIndex = 0; path = Tests; sourceTree = BUILT_PRODUCTS_DIR; };
		8D07158E1C8F2A5D0011B820 /* main.cpp */ = {isa = PBXFileReference; lastKnownFileType = sourcecode.cpp.cpp; path = main.cpp; sourceTree = "<group>"; };
		8D0715971C8F37840011B820 /* gtest.framework */ = {isa = PBXFileReference; lastKnownFileType = wrapper.framework; path = gtest.framework; sourceTree = "<group>"; };
		8D0AA12D1D0EEB1E00417C80 /* 129_Sum_Root_To_Leaf_Numbers.cpp */ = {isa = PBXFileReference; fileEncoding = 4; lastKnownFileType = sourcecode.cpp.cpp; name = 129_Sum_Root_To_Leaf_Numbers.cpp; path = LeetCode/129_Sum_Root_To_Leaf_Numbers.cpp; sourceTree = "<group>"; };
		8D111A231CE7724B0038C9B4 /* 72_Edit_Distance.cpp */ = {isa = PBXFileReference; fileEncoding = 4; lastKnownFileType = sourcecode.cpp.cpp; name = 72_Edit_Distance.cpp; path = LeetCode/72_Edit_Distance.cpp; sourceTree = "<group>"; };
		8D111A251CE7735D0038C9B4 /* 73_Set_Matrix_Zeroes.cpp */ = {isa = PBXFileReference; fileEncoding = 4; lastKnownFileType = sourcecode.cpp.cpp; name = 73_Set_Matrix_Zeroes.cpp; path = LeetCode/73_Set_Matrix_Zeroes.cpp; sourceTree = "<group>"; };
		8D111A271CE78D3E0038C9B4 /* 74_Search_a_2D_Matrix.cpp */ = {isa = PBXFileReference; fileEncoding = 4; lastKnownFileType = sourcecode.cpp.cpp; name = 74_Search_a_2D_Matrix.cpp; path = LeetCode/74_Search_a_2D_Matrix.cpp; sourceTree = "<group>"; };
		8D111A291CE8B81B0038C9B4 /* 75_Sort_Colors.cpp */ = {isa = PBXFileReference; fileEncoding = 4; lastKnownFileType = sourcecode.cpp.cpp; name = 75_Sort_Colors.cpp; path = LeetCode/75_Sort_Colors.cpp; sourceTree = "<group>"; };
		8D111A2C1CE8BF000038C9B4 /* Sort.cpp */ = {isa = PBXFileReference; fileEncoding = 4; lastKnownFileType = sourcecode.cpp.cpp; name = Sort.cpp; path = Algorithms/Sort.cpp; sourceTree = "<group>"; };
		8D111A2E1CE8C1010038C9B4 /* 76_Minimum_Window_Substring.cpp */ = {isa = PBXFileReference; fileEncoding = 4; lastKnownFileType = sourcecode.cpp.cpp; name = 76_Minimum_Window_Substring.cpp; path = LeetCode/76_Minimum_Window_Substring.cpp; sourceTree = "<group>"; };
		8D111A301CEA2E8F0038C9B4 /* 77_Combinations.cpp */ = {isa = PBXFileReference; fileEncoding = 4; lastKnownFileType = sourcecode.cpp.cpp; name = 77_Combinations.cpp; path = LeetCode/77_Combinations.cpp; sourceTree = "<group>"; };
		8D111A321CEA32640038C9B4 /* 78_Subsets.cpp */ = {isa = PBXFileReference; fileEncoding = 4; lastKnownFileType = sourcecode.cpp.cpp; name = 78_Subsets.cpp; path = LeetCode/78_Subsets.cpp; sourceTree = "<group>"; };
		8D111A341CEB70BA0038C9B4 /* 79_Word_Search.cpp */ = {isa = PBXFileReference; fileEncoding = 4; lastKnownFileType = sourcecode.cpp.cpp; name = 79_Word_Search.cpp; path = LeetCode/79_Word_Search.cpp; sourceTree = "<group>"; };
		8D111A361CEB75F60038C9B4 /* 80_Remove_Duplicates_From_Sorted_Array2.cpp */ = {isa = PBXFileReference; fileEncoding = 4; lastKnownFileType = sourcecode.cpp.cpp; name = 80_Remove_Duplicates_From_Sorted_Array2.cpp; path = LeetCode/80_Remove_Duplicates_From_Sorted_Array2.cpp; sourceTree = "<group>"; };
		8D111A381CEB7B3F0038C9B4 /* 81_Search_in_Rotated_Sorted_Array2.cpp */ = {isa = PBXFileReference; fileEncoding = 4; lastKnownFileType = sourcecode.cpp.cpp; name = 81_Search_in_Rotated_Sorted_Array2.cpp; path = LeetCode/81_Search_in_Rotated_Sorted_Array2.cpp; sourceTree = "<group>"; };
		8D1CFF781CCFAFBD007D100B /* 10_Regular_Expression_Matching.cpp */ = {isa = PBXFileReference; fileEncoding = 4; lastKnownFileType = sourcecode.cpp.cpp; name = 10_Regular_Expression_Matching.cpp; path = LeetCode/10_Regular_Expression_Matching.cpp; sourceTree = "<group>"; };
		8D1CFF7A1CCFC29C007D100B /* 34_Search_for_a_Range.cpp */ = {isa = PBXFileReference; fileEncoding = 4; lastKnownFileType = sourcecode.cpp.cpp; name = 34_Search_for_a_Range.cpp; path = LeetCode/34_Search_for_a_Range.cpp; sourceTree = "<group>"; };
		8D1CFF7C1CD264EC007D100B /* 35_Search_Insert_Position.cpp */ = {isa = PBXFileReference; fileEncoding = 4; lastKnownFileType = sourcecode.cpp.cpp; name = 35_Search_Insert_Position.cpp; path = LeetCode/35_Search_Insert_Position.cpp; sourceTree = "<group>"; };
		8D1CFF7E1CD26AB4007D100B /* 36_Valid_Sudoku.cpp */ = {isa = PBXFileReference; fileEncoding = 4; lastKnownFileType = sourcecode.cpp.cpp; name = 36_Valid_Sudoku.cpp; path = LeetCode/36_Valid_Sudoku.cpp; sourceTree = "<group>"; };
		8D1CFF801CD27873007D100B /* 37_Sudoku_Solver.cpp */ = {isa = PBXFileReference; fileEncoding = 4; lastKnownFileType = sourcecode.cpp.cpp; name = 37_Sudoku_Solver.cpp; path = LeetCode/37_Sudoku_Solver.cpp; sourceTree = "<group>"; };
		8D1CFF821CD450CD007D100B /* 38_Count_and_Say.cpp */ = {isa = PBXFileReference; fileEncoding = 4; lastKnownFileType = sourcecode.cpp.cpp; name = 38_Count_and_Say.cpp; path = LeetCode/38_Count_and_Say.cpp; sourceTree = "<group>"; };
		8D1CFF841CD45A85007D100B /* 39_Combination_Sum.cpp */ = {isa = PBXFileReference; fileEncoding = 4; lastKnownFileType = sourcecode.cpp.cpp; name = 39_Combination_Sum.cpp; path = LeetCode/39_Combination_Sum.cpp; sourceTree = "<group>"; };
		8D1CFF861CD46E1F007D100B /* 40_Combination_Sum_2.cpp */ = {isa = PBXFileReference; fileEncoding = 4; lastKnownFileType = sourcecode.cpp.cpp; name = 40_Combination_Sum_2.cpp; path = LeetCode/40_Combination_Sum_2.cpp; sourceTree = "<group>"; };
		8D1CFF881CD48335007D100B /* 41_First_Missing_Positive.cpp */ = {isa = PBXFileReference; fileEncoding = 4; lastKnownFileType = sourcecode.cpp.cpp; name = 41_First_Missing_Positive.cpp; path = LeetCode/41_First_Missing_Positive.cpp; sourceTree = "<group>"; };
		8D1CFF8A1CD64B59007D100B /* 42_Trapping_Rain_Water.cpp */ = {isa = PBXFileReference; fileEncoding = 4; lastKnownFileType = sourcecode.cpp.cpp; name = 42_Trapping_Rain_Water.cpp; path = LeetCode/42_Trapping_Rain_Water.cpp; sourceTree = "<group>"; };
		8D1CFF8C1CD79490007D100B /* 43_Multiply_Strings.cpp */ = {isa = PBXFileReference; fileEncoding = 4; lastKnownFileType = sourcecode.cpp.cpp; name = 43_Multiply_Strings.cpp; path = LeetCode/43_Multiply_Strings.cpp; sourceTree = "<group>"; };
		8D1CFF8E1CD7A5FE007D100B /* 44_Wildcard_Matching.cpp */ = {isa = PBXFileReference; fileEncoding = 4; lastKnownFileType = sourcecode.cpp.cpp; name = 44_Wildcard_Matching.cpp; path = LeetCode/44_Wildcard_Matching.cpp; sourceTree = "<group>"; };
		8D1CFF901CD8ED23007D100B /* 55_Jump_Game.cpp */ = {isa = PBXFileReference; fileEncoding = 4; lastKnownFileType = sourcecode.cpp.cpp; name = 55_Jump_Game.cpp; path = LeetCode/55_Jump_Game.cpp; sourceTree = "<group>"; };
		8D1CFF921CDA43A5007D100B /* 45_Jump_Game_2.cpp */ = {isa = PBXFileReference; fileEncoding = 4; lastKnownFileType = sourcecode.cpp.cpp; name = 45_Jump_Game_2.cpp; path = LeetCode/45_Jump_Game_2.cpp; sourceTree = "<group>"; };
		8D1CFF941CDB88B8007D100B /* 46_Permutations.cpp */ = {isa = PBXFileReference; fileEncoding = 4; lastKnownFileType = sourcecode.cpp.cpp; name = 46_Permutations.cpp; path = LeetCode/46_Permutations.cpp; sourceTree = "<group>"; };
		8D1CFF961CDB9D03007D100B /* 47_Permutations_2.cpp */ = {isa = PBXFileReference; fileEncoding = 4; lastKnownFileType = sourcecode.cpp.cpp; name = 47_Permutations_2.cpp; path = LeetCode/47_Permutations_2.cpp; sourceTree = "<group>"; };
		8D1E0F9D1CE36E8800ED73AB /* 59_Spiral_Matrix_2.cpp */ = {isa = PBXFileReference; fileEncoding = 4; lastKnownFileType = sourcecode.cpp.cpp; name = 59_Spiral_Matrix_2.cpp; path = LeetCode/59_Spiral_Matrix_2.cpp; sourceTree = "<group>"; };
		8D1E0F9F1CE378FA00ED73AB /* 60_Permutation_Sequence.cpp */ = {isa = PBXFileReference; fileEncoding = 4; lastKnownFileType = sourcecode.cpp.cpp; name = 60_Permutation_Sequence.cpp; path = LeetCode/60_Permutation_Sequence.cpp; sourceTree = "<group>"; };
		8D1E0FA11CE3848900ED73AB /* 61_Rotate_List.cpp */ = {isa = PBXFileReference; fileEncoding = 4; lastKnownFileType = sourcecode.cpp.cpp; name = 61_Rotate_List.cpp; path = LeetCode/61_Rotate_List.cpp; sourceTree = "<group>"; };
		8D1E0FA31CE38A6900ED73AB /* 62_Unique_Paths.cpp */ = {isa = PBXFileReference; fileEncoding = 4; lastKnownFileType = sourcecode.cpp.cpp; name = 62_Unique_Paths.cpp; path = LeetCode/62_Unique_Paths.cpp; sourceTree = "<group>"; };
		8D1E0FA71CE4D0DE00ED73AB /* 64_Minimum_Path_Sum.cpp */ = {isa = PBXFileReference; fileEncoding = 4; lastKnownFileType = sourcecode.cpp.cpp; name = 64_Minimum_Path_Sum.cpp; path = LeetCode/64_Minimum_Path_Sum.cpp; sourceTree = "<group>"; };
		8D1E0FA91CE4D3E600ED73AB /* 65_Valid_Number.cpp */ = {isa = PBXFileReference; fileEncoding = 4; lastKnownFileType = sourcecode.cpp.cpp; name = 65_Valid_Number.cpp; path = LeetCode/65_Valid_Number.cpp; sourceTree = "<group>"; };
		8D1E0FAB1CE4E0A600ED73AB /* 66_Plus_One.cpp */ = {isa = PBXFileReference; fileEncoding = 4; lastKnownFileType = sourcecode.cpp.cpp; name = 66_Plus_One.cpp; path = LeetCode/66_Plus_One.cpp; sourceTree = "<group>"; };
		8D1E0FAD1CE4E36800ED73AB /* 68_Text_Justification.cpp */ = {isa = PBXFileReference; fileEncoding = 4; lastKnownFileType = sourcecode.cpp.cpp; name = 68_Text_Justification.cpp; path = LeetCode/68_Text_Justification.cpp; sourceTree = "<group>"; };
		8D20634D1D0722660052BA4B /* 123_Best_Time_To_Buy_And_Sell_Stock_3.cpp */ = {isa = PBXFileReference; fileEncoding = 4; lastKnownFileType = sourcecode.cpp.cpp; name = 123_Best_Time_To_Buy_And_Sell_Stock_3.cpp; path = LeetCode/123_Best_Time_To_Buy_And_Sell_Stock_3.cpp; sourceTree = "<group>"; };
		8D211F8D1CF9853700E701D2 /* 96_Unique_Binary_Search_Trees.cpp */ = {isa = PBXFileReference; fileEncoding = 4; lastKnownFileType = sourcecode.cpp.cpp; name = 96_Unique_Binary_Search_Trees.cpp; path = LeetCode/96_Unique_Binary_Search_Trees.cpp; sourceTree = "<group>"; };
		8D211F8F1CF9896500E701D2 /* 97_Interleaving_String.cpp */ = {isa = PBXFileReference; fileEncoding = 4; lastKnownFileType = sourcecode.cpp.cpp; name = 97_Interleaving_String.cpp; path = LeetCode/97_Interleaving_String.cpp; sourceTree = "<group>"; };
		8D211F911CF9A0D300E701D2 /* 98_Validate_Binary_Search_Tree.cpp */ = {isa = PBXFileReference; fileEncoding = 4; lastKnownFileType = sourcecode.cpp.cpp; name = 98_Validate_Binary_Search_Tree.cpp; path = LeetCode/98_Validate_Binary_Search_Tree.cpp; sourceTree = "<group>"; };
		8D211F931CF9E04100E701D2 /* 100_Same_Tree.cpp */ = {isa = PBXFileReference; fileEncoding = 4; lastKnownFileType = sourcecode.cpp.cpp; name = 100_Same_Tree.cpp; path = LeetCode/100_Same_Tree.cpp; sourceTree = "<group>"; };
		8D211F951CF9E1AC00E701D2 /* 101_Symmetric_Tree.cpp */ = {isa = PBXFileReference; fileEncoding = 4; lastKnownFileType = sourcecode.cpp.cpp; name = 101_Symmetric_Tree.cpp; path = LeetCode/101_Symmetric_Tree.cpp; sourceTree = "<group>"; };
		8D211F971CF9EC8200E701D2 /* 102_Binary_Tree_Level_Order_Traversal.cpp */ = {isa = PBXFileReference; fileEncoding = 4; lastKnownFileType = sourcecode.cpp.cpp; name = 102_Binary_Tree_Level_Order_Traversal.cpp; path = LeetCode/102_Binary_Tree_Level_Order_Traversal.cpp; sourceTree = "<group>"; };
		8D211F991CF9F24D00E701D2 /* 103_Binary_Tree_Zigzag_Level_Order_Traversal.cpp */ = {isa = PBXFileReference; fileEncoding = 4; lastKnownFileType = sourcecode.cpp.cpp; name = 103_Binary_Tree_Zigzag_Level_Order_Traversal.cpp; path = LeetCode/103_Binary_Tree_Zigzag_Level_Order_Traversal.cpp; sourceTree = "<group>"; };
		8D211F9B1CF9F41D00E701D2 /* 104_Maximum_Depth_Of_Binary_Tree.cpp */ = {isa = PBXFileReference; fileEncoding = 4; lastKnownFileType = sourcecode.cpp.cpp; name = 104_Maximum_Depth_Of_Binary_Tree.cpp; path = LeetCode/104_Maximum_Depth_Of_Binary_Tree.cpp; sourceTree = "<group>"; };
		8D211F9D1CF9F5FD00E701D2 /* 99_Recover_Binary_Search_Tree.cpp */ = {isa = PBXFileReference; fileEncoding = 4; lastKnownFileType = sourcecode.cpp.cpp; name = 99_Recover_Binary_Search_Tree.cpp; path = LeetCode/99_Recover_Binary_Search_Tree.cpp; sourceTree = "<group>"; };
		8D30BCA01CE0AD2900F79D18 /* 51_N_Queens.cpp */ = {isa = PBXFileReference; fileEncoding = 4; lastKnownFileType = sourcecode.cpp.cpp; name = 51_N_Queens.cpp; path = LeetCode/51_N_Queens.cpp; sourceTree = "<group>"; };
		8D30BCA21CE0BDE000F79D18 /* 52_N_Queens_2.cpp */ = {isa = PBXFileReference; fileEncoding = 4; lastKnownFileType = sourcecode.cpp.cpp; name = 52_N_Queens_2.cpp; path = LeetCode/52_N_Queens_2.cpp; sourceTree = "<group>"; };
		8D30BCA41CE0C61D00F79D18 /* shared.h */ = {isa = PBXFileReference; lastKnownFileType = sourcecode.c.h; path = shared.h; sourceTree = "<group>"; };
		8D30BCA51CE0C68600F79D18 /* 53_Maximum_Subarray.cpp */ = {isa = PBXFileReference; fileEncoding = 4; lastKnownFileType = sourcecode.cpp.cpp; name = 53_Maximum_Subarray.cpp; path = LeetCode/53_Maximum_Subarray.cpp; sourceTree = "<group>"; };
		8D30BCA71CE0D17D00F79D18 /* 54_Spiral_Matrix.cpp */ = {isa = PBXFileReference; fileEncoding = 4; lastKnownFileType = sourcecode.cpp.cpp; name = 54_Spiral_Matrix.cpp; path = LeetCode/54_Spiral_Matrix.cpp; sourceTree = "<group>"; };
		8D366EB21CF5FC00006137BF /* 94_Binary_Tree_Inorder_Traversal.cpp */ = {isa = PBXFileReference; fileEncoding = 4; lastKnownFileType = sourcecode.cpp.cpp; name = 94_Binary_Tree_Inorder_Traversal.cpp; path = LeetCode/94_Binary_Tree_Inorder_Traversal.cpp; sourceTree = "<group>"; };
		8D3C793E1CF492610003AA1A /* 91_Decode_Ways.cpp */ = {isa = PBXFileReference; fileEncoding = 4; lastKnownFileType = sourcecode.cpp.cpp; name = 91_Decode_Ways.cpp; path = LeetCode/91_Decode_Ways.cpp; sourceTree = "<group>"; };
		8D3C79401CF4A9CF0003AA1A /* 92_Reverse_Linked_List2.cpp */ = {isa = PBXFileReference; fileEncoding = 4; lastKnownFileType = sourcecode.cpp.cpp; name = 92_Reverse_Linked_List2.cpp; path = LeetCode/92_Reverse_Linked_List2.cpp; sourceTree = "<group>"; };
		8D5694761CFB1BE0008D8277 /* 105_Construct_Binary_Tree_From_PreOrder_And_Inorder_Traversal.cpp */ = {isa = PBXFileReference; fileEncoding = 4; lastKnownFileType = sourcecode.cpp.cpp; name = 105_Construct_Binary_Tree_From_PreOrder_And_Inorder_Traversal.cpp; path = LeetCode/105_Construct_Binary_Tree_From_PreOrder_And_Inorder_Traversal.cpp; sourceTree = "<group>"; };
		8D60A6FA1CE6437600B8DE7E /* 67_Add_Binary.cpp */ = {isa = PBXFileReference; fileEncoding = 4; lastKnownFileType = sourcecode.cpp.cpp; name = 67_Add_Binary.cpp; path = LeetCode/67_Add_Binary.cpp; sourceTree = "<group>"; };
		8D60A6FC1CE704B000B8DE7E /* 70_Climbing_Stairs.cpp */ = {isa = PBXFileReference; fileEncoding = 4; lastKnownFileType = sourcecode.cpp.cpp; name = 70_Climbing_Stairs.cpp; path = LeetCode/70_Climbing_Stairs.cpp; sourceTree = "<group>"; };
		8D60A6FE1CE70ADA00B8DE7E /* 71_Simplify_Path.cpp */ = {isa = PBXFileReference; fileEncoding = 4; lastKnownFileType = sourcecode.cpp.cpp; name = 71_Simplify_Path.cpp; path = LeetCode/71_Simplify_Path.cpp; sourceTree = "<group>"; };
		8D83A2DE1CFEF66D002DC93F /* 112_Path_Sum.cpp */ = {isa = PBXFileReference; fileEncoding = 4; lastKnownFileType = sourcecode.cpp.cpp; name = 112_Path_Sum.cpp; path = LeetCode/112_Path_Sum.cpp; sourceTree = "<group>"; };
		8D83A2E01CFEF820002DC93F /* 113_Path_Sum_2.cpp */ = {isa = PBXFileReference; fileEncoding = 4; lastKnownFileType = sourcecode.cpp.cpp; name = 113_Path_Sum_2.cpp; path = LeetCode/113_Path_Sum_2.cpp; sourceTree = "<group>"; };
		8D83A2E21CFEFB50002DC93F /* 114_Flatten_Binary_Tree_To_Linked_List.cpp */ = {isa = PBXFileReference; fileEncoding = 4; lastKnownFileType = sourcecode.cpp.cpp; name = 114_Flatten_Binary_Tree_To_Linked_List.cpp; path = LeetCode/114_Flatten_Binary_Tree_To_Linked_List.cpp; sourceTree = "<group>"; };
		8D83A2E41CFEFDD3002DC93F /* 115_Distinct_Subsequences.cpp */ = {isa = PBXFileReference; fileEncoding = 4; lastKnownFileType = sourcecode.cpp.cpp; name = 115_Distinct_Subsequences.cpp; path = LeetCode/115_Distinct_Subsequences.cpp; sourceTree = "<group>"; };
		8D83A2E61D008903002DC93F /* 118_Pascal_Triangle.cpp */ = {isa = PBXFileReference; fileEncoding = 4; lastKnownFileType = sourcecode.cpp.cpp; name = 118_Pascal_Triangle.cpp; path = LeetCode/118_Pascal_Triangle.cpp; sourceTree = "<group>"; };
		8D83A2E81D008C2B002DC93F /* 119_Pascal_Triangle_2.cpp */ = {isa = PBXFileReference; fileEncoding = 4; lastKnownFileType = sourcecode.cpp.cpp; name = 119_Pascal_Triangle_2.cpp; path = LeetCode/119_Pascal_Triangle_2.cpp; sourceTree = "<group>"; };
		8DA4ADF31CF34AF800DBA985 /* 90_Subset2.cpp */ = {isa = PBXFileReference; fileEncoding = 4; lastKnownFileType = sourcecode.cpp.cpp; name = 90_Subset2.cpp; path = LeetCode/90_Subset2.cpp; sourceTree = "<group>"; };
		8DB045B81D046441008A92C8 /* 116_Populating_Next_Right_Pointers_in_Each_Node.cpp */ = {isa = PBXFileReference; fileEncoding = 4; lastKnownFileType = sourcecode.cpp.cpp; name = 116_Populating_Next_Right_Pointers_in_Each_Node.cpp; path = LeetCode/116_Populating_Next_Right_Pointers_in_Each_Node.cpp; sourceTree = "<group>"; };
		8DB045BA1D0471F2008A92C8 /* 117_Populating_Next_Right_Pointers_In_Each_Node_2.cpp */ = {isa = PBXFileReference; fileEncoding = 4; lastKnownFileType = sourcecode.cpp.cpp; name = 117_Populating_Next_Right_Pointers_In_Each_Node_2.cpp; path = LeetCode/117_Populating_Next_Right_Pointers_In_Each_Node_2.cpp; sourceTree = "<group>"; };
		8DB045BC1D047CCC008A92C8 /* 120_Triangle.cpp */ = {isa = PBXFileReference; fileEncoding = 4; lastKnownFileType = sourcecode.cpp.cpp; name = 120_Triangle.cpp; path = LeetCode/120_Triangle.cpp; sourceTree = "<group>"; };
		8DBA2E8B1D0C596500075FFB /* 125_Valid_Palindrome.cpp */ = {isa = PBXFileReference; fileEncoding = 4; lastKnownFileType = sourcecode.cpp.cpp; name = 125_Valid_Palindrome.cpp; path = LeetCode/125_Valid_Palindrome.cpp; sourceTree = "<group>"; };
		8DC025C61D05C88C0027626F /* 121_Best_Time_To_Buy_And_Sell_Stock.cpp */ = {isa = PBXFileReference; fileEncoding = 4; lastKnownFileType = sourcecode.cpp.cpp; name = 121_Best_Time_To_Buy_And_Sell_Stock.cpp; path = LeetCode/121_Best_Time_To_Buy_And_Sell_Stock.cpp; sourceTree = "<group>"; };
		8DC025C81D05CD060027626F /* 122_Best_Time_To_Buy_And_Sell_Stock_2.cpp */ = {isa = PBXFileReference; fileEncoding = 4; lastKnownFileType = sourcecode.cpp.cpp; name = 122_Best_Time_To_Buy_And_Sell_Stock_2.cpp; path = LeetCode/122_Best_Time_To_Buy_And_Sell_Stock_2.cpp; sourceTree = "<group>"; };
		8DC3D0C01CF74F1F00C71F17 /* 95_Unique_Binary_Search_Tree2.cpp */ = {isa = PBXFileReference; fileEncoding = 4; lastKnownFileType = sourcecode.cpp.cpp; name = 95_Unique_Binary_Search_Tree2.cpp; path = LeetCode/95_Unique_Binary_Search_Tree2.cpp; sourceTree = "<group>"; };
		8DC5FF271CECAE31004369DF /* 82_Remove_Duplicates_From_Sorted_List2.cpp */ = {isa = PBXFileReference; fileEncoding = 4; lastKnownFileType = sourcecode.cpp.cpp; name = 82_Remove_Duplicates_From_Sorted_List2.cpp; path = LeetCode/82_Remove_Duplicates_From_Sorted_List2.cpp; sourceTree = "<group>"; };
		8DC5FF291CECBB89004369DF /* 83_Remove_Duplicates_From_Sorted_List.cpp */ = {isa = PBXFileReference; fileEncoding = 4; lastKnownFileType = sourcecode.cpp.cpp; name = 83_Remove_Duplicates_From_Sorted_List.cpp; path = LeetCode/83_Remove_Duplicates_From_Sorted_List.cpp; sourceTree = "<group>"; };
		8DC5FF2B1CECC242004369DF /* heap.cpp */ = {isa = PBXFileReference; fileEncoding = 4; lastKnownFileType = sourcecode.cpp.cpp; name = heap.cpp; path = Algorithms/heap.cpp; sourceTree = "<group>"; };
		8DC5FF2D1CEE0825004369DF /* 84_Largest_Rectangle_in_Histogram.cpp */ = {isa = PBXFileReference; fileEncoding = 4; lastKnownFileType = sourcecode.cpp.cpp; name = 84_Largest_Rectangle_in_Histogram.cpp; path = LeetCode/84_Largest_Rectangle_in_Histogram.cpp; sourceTree = "<group>"; };
		8DCE05531D0D8F52005F9965 /* 127_Word_Ladder.cpp */ = {isa = PBXFileReference; fileEncoding = 4; lastKnownFileType = sourcecode.cpp.cpp; name = 127_Word_Ladder.cpp; path = LeetCode/127_Word_Ladder.cpp; sourceTree = "<group>"; };
		8DCEDD1B1CDE2A55003CB079 /* 58_Length_Of_Last_Word.cpp */ = {isa = PBXFileReference; fileEncoding = 4; lastKnownFileType = sourcecode.cpp.cpp; name = 58_Length_Of_Last_Word.cpp; path = LeetCode/58_Length_Of_Last_Word.cpp; sourceTree = "<group>"; };
		8DEB7F991CFC8B130038EAD7 /* 106_Construct_Binary_Tree_From_Inorder_And_Postorder_Traversal.cpp */ = {isa = PBXFileReference; fileEncoding = 4; lastKnownFileType = sourcecode.cpp.cpp; name = 106_Construct_Binary_Tree_From_Inorder_And_Postorder_Traversal.cpp; path = LeetCode/106_Construct_Binary_Tree_From_Inorder_And_Postorder_Traversal.cpp; sourceTree = "<group>"; };
		8DEB7F9B1CFC8E7B0038EAD7 /* 107_Binary_Tree_Level_Order_Traversal2.cpp */ = {isa = PBXFileReference; fileEncoding = 4; lastKnownFileType = sourcecode.cpp.cpp; name = 107_Binary_Tree_Level_Order_Traversal2.cpp; path = LeetCode/107_Binary_Tree_Level_Order_Traversal2.cpp; sourceTree = "<group>"; };
		8DF5C8151CFDCD1D00A1B5A6 /* 108_Convert_Sorted_Array_To_Binary_Search_Tree.cpp */ = {isa = PBXFileReference; fileEncoding = 4; lastKnownFileType = sourcecode.cpp.cpp; name = 108_Convert_Sorted_Array_To_Binary_Search_Tree.cpp; path = LeetCode/108_Convert_Sorted_Array_To_Binary_Search_Tree.cpp; sourceTree = "<group>"; };
		8DF5C8171CFDCE8100A1B5A6 /* 109_Convert_Sorted_List_To_Binary_Search_Tree.cpp */ = {isa = PBXFileReference; fileEncoding = 4; lastKnownFileType = sourcecode.cpp.cpp; name = 109_Convert_Sorted_List_To_Binary_Search_Tree.cpp; path = LeetCode/109_Convert_Sorted_List_To_Binary_Search_Tree.cpp; sourceTree = "<group>"; };
		8DF5C8191CFDD40F00A1B5A6 /* 110_Balanced_Binary_Tree.cpp */ = {isa = PBXFileReference; fileEncoding = 4; lastKnownFileType = sourcecode.cpp.cpp; name = 110_Balanced_Binary_Tree.cpp; path = LeetCode/110_Balanced_Binary_Tree.cpp; sourceTree = "<group>"; };
		8DF5C81B1CFDDEB100A1B5A6 /* 111_Minimum_Depth_Of_Binary_Tree.cpp */ = {isa = PBXFileReference; fileEncoding = 4; lastKnownFileType = sourcecode.cpp.cpp; name = 111_Minimum_Depth_Of_Binary_Tree.cpp; path = LeetCode/111_Minimum_Depth_Of_Binary_Tree.cpp; sourceTree = "<group>"; };
		8DFFAC631CEF60720027E2CC /* 86_Partition_List.cpp */ = {isa = PBXFileReference; fileEncoding = 4; lastKnownFileType = sourcecode.cpp.cpp; name = 86_Partition_List.cpp; path = LeetCode/86_Partition_List.cpp; sourceTree = "<group>"; };
		8DFFAC651CF053D10027E2CC /* 87_Scramble_String.cpp */ = {isa = PBXFileReference; fileEncoding = 4; lastKnownFileType = sourcecode.cpp.cpp; name = 87_Scramble_String.cpp; path = LeetCode/87_Scramble_String.cpp; sourceTree = "<group>"; };
		8DFFAC671CF19A6C0027E2CC /* 85_Maximal_Rectangle.cpp */ = {isa = PBXFileReference; fileEncoding = 4; lastKnownFileType = sourcecode.cpp.cpp; name = 85_Maximal_Rectangle.cpp; path = LeetCode/85_Maximal_Rectangle.cpp; sourceTree = "<group>"; };
		8DFFAC691CF1AE0E0027E2CC /* 88_MergeSortedArray.cpp */ = {isa = PBXFileReference; fileEncoding = 4; lastKnownFileType = sourcecode.cpp.cpp; name = 88_MergeSortedArray.cpp; path = LeetCode/88_MergeSortedArray.cpp; sourceTree = "<group>"; };
		8DFFAC6B1CF1B1270027E2CC /* 89_Gray_Code.cpp */ = {isa = PBXFileReference; fileEncoding = 4; lastKnownFileType = sourcecode.cpp.cpp; name = 89_Gray_Code.cpp; path = LeetCode/89_Gray_Code.cpp; sourceTree = "<group>"; };
/* End PBXFileReference section */

/* Begin PBXFrameworksBuildPhase section */
		8D0715751C8F1BC30011B820 /* Frameworks */ = {
			isa = PBXFrameworksBuildPhase;
			buildActionMask = 2147483647;
			files = (
				8D0715991C8F37D40011B820 /* gtest.framework in Frameworks */,
			);
			runOnlyForDeploymentPostprocessing = 0;
		};
		8D0715891C8F2A5D0011B820 /* Frameworks */ = {
			isa = PBXFrameworksBuildPhase;
			buildActionMask = 2147483647;
			files = (
				8D07159A1C8F38090011B820 /* gtest.framework in Frameworks */,
				8D0715961C8F31650011B820 /* libOJ.dylib in Frameworks */,
			);
			runOnlyForDeploymentPostprocessing = 0;
		};
/* End PBXFrameworksBuildPhase section */

/* Begin PBXGroup section */
		8D07156F1C8F1BC20011B820 = {
			isa = PBXGroup;
			children = (
				8D111A2B1CE8BEC00038C9B4 /* Algorithms */,
				8D0715841C8F22E70011B820 /* src */,
				8D0715971C8F37840011B820 /* gtest.framework */,
				8D07159E1C9EE33F0011B820 /* HackerRank */,
				8D07157F1C8F1C3F0011B820 /* LeetCode */,
				8D0715791C8F1BC30011B820 /* Products */,
				8D07158D1C8F2A5D0011B820 /* Tests */,
			);
			sourceTree = "<group>";
		};
		8D0715791C8F1BC30011B820 /* Products */ = {
			isa = PBXGroup;
			children = (
				8D0715781C8F1BC30011B820 /* libOJ.dylib */,
				8D07158C1C8F2A5D0011B820 /* Tests */,
			);
			name = Products;
			sourceTree = "<group>";
		};
		8D07157F1C8F1C3F0011B820 /* LeetCode */ = {
			isa = PBXGroup;
			children = (
				8D1CFF861CD46E1F007D100B /* 40_Combination_Sum_2.cpp */,
				8D1CFF781CCFAFBD007D100B /* 10_Regular_Expression_Matching.cpp */,
				8D1CFF7A1CCFC29C007D100B /* 34_Search_for_a_Range.cpp */,
				8D1CFF7C1CD264EC007D100B /* 35_Search_Insert_Position.cpp */,
				8D1CFF7E1CD26AB4007D100B /* 36_Valid_Sudoku.cpp */,
				8D1CFF801CD27873007D100B /* 37_Sudoku_Solver.cpp */,
				8D1CFF821CD450CD007D100B /* 38_Count_and_Say.cpp */,
				8D1CFF841CD45A85007D100B /* 39_Combination_Sum.cpp */,
				8D1CFF881CD48335007D100B /* 41_First_Missing_Positive.cpp */,
				8D1CFF8A1CD64B59007D100B /* 42_Trapping_Rain_Water.cpp */,
				8D1CFF8C1CD79490007D100B /* 43_Multiply_Strings.cpp */,
				8D1CFF8E1CD7A5FE007D100B /* 44_Wildcard_Matching.cpp */,
				8D1CFF901CD8ED23007D100B /* 55_Jump_Game.cpp */,
				8D1CFF921CDA43A5007D100B /* 45_Jump_Game_2.cpp */,
				8D1CFF941CDB88B8007D100B /* 46_Permutations.cpp */,
				8D1CFF961CDB9D03007D100B /* 47_Permutations_2.cpp */,
				8DCEDD1B1CDE2A55003CB079 /* 58_Length_Of_Last_Word.cpp */,
				8D30BCA01CE0AD2900F79D18 /* 51_N_Queens.cpp */,
				8D30BCA21CE0BDE000F79D18 /* 52_N_Queens_2.cpp */,
				8D30BCA41CE0C61D00F79D18 /* shared.h */,
				8D30BCA51CE0C68600F79D18 /* 53_Maximum_Subarray.cpp */,
				8D30BCA71CE0D17D00F79D18 /* 54_Spiral_Matrix.cpp */,
				8D1E0F9D1CE36E8800ED73AB /* 59_Spiral_Matrix_2.cpp */,
				8D1E0F9F1CE378FA00ED73AB /* 60_Permutation_Sequence.cpp */,
				8D1E0FA11CE3848900ED73AB /* 61_Rotate_List.cpp */,
				8D1E0FA31CE38A6900ED73AB /* 62_Unique_Paths.cpp */,
				8D1E0FA71CE4D0DE00ED73AB /* 64_Minimum_Path_Sum.cpp */,
				8D1E0FA91CE4D3E600ED73AB /* 65_Valid_Number.cpp */,
				8D1E0FAB1CE4E0A600ED73AB /* 66_Plus_One.cpp */,
				8D1E0FAD1CE4E36800ED73AB /* 68_Text_Justification.cpp */,
				8D60A6FA1CE6437600B8DE7E /* 67_Add_Binary.cpp */,
				8D60A6FC1CE704B000B8DE7E /* 70_Climbing_Stairs.cpp */,
				8D60A6FE1CE70ADA00B8DE7E /* 71_Simplify_Path.cpp */,
				8D111A231CE7724B0038C9B4 /* 72_Edit_Distance.cpp */,
				8D111A251CE7735D0038C9B4 /* 73_Set_Matrix_Zeroes.cpp */,
				8D111A271CE78D3E0038C9B4 /* 74_Search_a_2D_Matrix.cpp */,
				8D111A291CE8B81B0038C9B4 /* 75_Sort_Colors.cpp */,
				8D111A2E1CE8C1010038C9B4 /* 76_Minimum_Window_Substring.cpp */,
				8D111A301CEA2E8F0038C9B4 /* 77_Combinations.cpp */,
				8D111A321CEA32640038C9B4 /* 78_Subsets.cpp */,
				8D111A341CEB70BA0038C9B4 /* 79_Word_Search.cpp */,
				8D111A361CEB75F60038C9B4 /* 80_Remove_Duplicates_From_Sorted_Array2.cpp */,
				8D111A381CEB7B3F0038C9B4 /* 81_Search_in_Rotated_Sorted_Array2.cpp */,
				8DC5FF271CECAE31004369DF /* 82_Remove_Duplicates_From_Sorted_List2.cpp */,
				8DC5FF291CECBB89004369DF /* 83_Remove_Duplicates_From_Sorted_List.cpp */,
				8DC5FF2D1CEE0825004369DF /* 84_Largest_Rectangle_in_Histogram.cpp */,
				8DFFAC671CF19A6C0027E2CC /* 85_Maximal_Rectangle.cpp */,
				8DFFAC631CEF60720027E2CC /* 86_Partition_List.cpp */,
				8DFFAC651CF053D10027E2CC /* 87_Scramble_String.cpp */,
				8DFFAC691CF1AE0E0027E2CC /* 88_MergeSortedArray.cpp */,
				8DFFAC6B1CF1B1270027E2CC /* 89_Gray_Code.cpp */,
				8DA4ADF31CF34AF800DBA985 /* 90_Subset2.cpp */,
				8D3C793E1CF492610003AA1A /* 91_Decode_Ways.cpp */,
				8D3C79401CF4A9CF0003AA1A /* 92_Reverse_Linked_List2.cpp */,
				8D366EB21CF5FC00006137BF /* 94_Binary_Tree_Inorder_Traversal.cpp */,
				8DC3D0C01CF74F1F00C71F17 /* 95_Unique_Binary_Search_Tree2.cpp */,
				8D211F8D1CF9853700E701D2 /* 96_Unique_Binary_Search_Trees.cpp */,
				8D211F8F1CF9896500E701D2 /* 97_Interleaving_String.cpp */,
				8D211F911CF9A0D300E701D2 /* 98_Validate_Binary_Search_Tree.cpp */,
				8D211F9D1CF9F5FD00E701D2 /* 99_Recover_Binary_Search_Tree.cpp */,
				8D211F931CF9E04100E701D2 /* 100_Same_Tree.cpp */,
				8D211F951CF9E1AC00E701D2 /* 101_Symmetric_Tree.cpp */,
				8D211F971CF9EC8200E701D2 /* 102_Binary_Tree_Level_Order_Traversal.cpp */,
				8D211F991CF9F24D00E701D2 /* 103_Binary_Tree_Zigzag_Level_Order_Traversal.cpp */,
				8D211F9B1CF9F41D00E701D2 /* 104_Maximum_Depth_Of_Binary_Tree.cpp */,
				8D5694761CFB1BE0008D8277 /* 105_Construct_Binary_Tree_From_PreOrder_And_Inorder_Traversal.cpp */,
				8DEB7F991CFC8B130038EAD7 /* 106_Construct_Binary_Tree_From_Inorder_And_Postorder_Traversal.cpp */,
				8DEB7F9B1CFC8E7B0038EAD7 /* 107_Binary_Tree_Level_Order_Traversal2.cpp */,
				8DF5C8151CFDCD1D00A1B5A6 /* 108_Convert_Sorted_Array_To_Binary_Search_Tree.cpp */,
				8DF5C8171CFDCE8100A1B5A6 /* 109_Convert_Sorted_List_To_Binary_Search_Tree.cpp */,
				8DF5C8191CFDD40F00A1B5A6 /* 110_Balanced_Binary_Tree.cpp */,
				8DF5C81B1CFDDEB100A1B5A6 /* 111_Minimum_Depth_Of_Binary_Tree.cpp */,
				8D83A2DE1CFEF66D002DC93F /* 112_Path_Sum.cpp */,
				8D83A2E01CFEF820002DC93F /* 113_Path_Sum_2.cpp */,
				8D83A2E21CFEFB50002DC93F /* 114_Flatten_Binary_Tree_To_Linked_List.cpp */,
				8D83A2E41CFEFDD3002DC93F /* 115_Distinct_Subsequences.cpp */,
				8DB045B81D046441008A92C8 /* 116_Populating_Next_Right_Pointers_in_Each_Node.cpp */,
				8DB045BA1D0471F2008A92C8 /* 117_Populating_Next_Right_Pointers_In_Each_Node_2.cpp */,
				8D83A2E61D008903002DC93F /* 118_Pascal_Triangle.cpp */,
				8D83A2E81D008C2B002DC93F /* 119_Pascal_Triangle_2.cpp */,
				8DB045BC1D047CCC008A92C8 /* 120_Triangle.cpp */,
				8DC025C61D05C88C0027626F /* 121_Best_Time_To_Buy_And_Sell_Stock.cpp */,
				8DC025C81D05CD060027626F /* 122_Best_Time_To_Buy_And_Sell_Stock_2.cpp */,
				8D20634D1D0722660052BA4B /* 123_Best_Time_To_Buy_And_Sell_Stock_3.cpp */,
				8DBA2E8B1D0C596500075FFB /* 125_Valid_Palindrome.cpp */,
				8DCE05531D0D8F52005F9965 /* 127_Word_Ladder.cpp */,
				8D0AA12D1D0EEB1E00417C80 /* 129_Sum_Root_To_Leaf_Numbers.cpp */,
			);
			name = LeetCode;
			sourceTree = "<group>";
		};
		8D07158D1C8F2A5D0011B820 /* Tests */ = {
			isa = PBXGroup;
			children = (
				8D07158E1C8F2A5D0011B820 /* main.cpp */,
			);
			path = Tests;
			sourceTree = "<group>";
		};
		8D07159E1C9EE33F0011B820 /* HackerRank */ = {
			isa = PBXGroup;
			children = (
			);
			name = HackerRank;
			sourceTree = "<group>";
		};
		8D111A2B1CE8BEC00038C9B4 /* Algorithms */ = {
			isa = PBXGroup;
			children = (
				8D111A2C1CE8BF000038C9B4 /* Sort.cpp */,
				8DC5FF2B1CECC242004369DF /* heap.cpp */,
			);
			name = Algorithms;
			sourceTree = "<group>";
		};
/* End PBXGroup section */

/* Begin PBXHeadersBuildPhase section */
		8D0715761C8F1BC30011B820 /* Headers */ = {
			isa = PBXHeadersBuildPhase;
			buildActionMask = 2147483647;
			files = (
			);
			runOnlyForDeploymentPostprocessing = 0;
		};
/* End PBXHeadersBuildPhase section */

/* Begin PBXNativeTarget section */
		8D0715771C8F1BC30011B820 /* OJ */ = {
			isa = PBXNativeTarget;
			buildConfigurationList = 8D07157C1C8F1BC30011B820 /* Build configuration list for PBXNativeTarget "OJ" */;
			buildPhases = (
				8D0715741C8F1BC30011B820 /* Sources */,
				8D0715751C8F1BC30011B820 /* Frameworks */,
				8D0715761C8F1BC30011B820 /* Headers */,
			);
			buildRules = (
			);
			dependencies = (
			);
			name = OJ;
			productName = OJ;
			productReference = 8D0715781C8F1BC30011B820 /* libOJ.dylib */;
			productType = "com.apple.product-type.library.dynamic";
		};
		8D07158B1C8F2A5D0011B820 /* Tests */ = {
			isa = PBXNativeTarget;
			buildConfigurationList = 8D0715901C8F2A5D0011B820 /* Build configuration list for PBXNativeTarget "Tests" */;
			buildPhases = (
				8D0715881C8F2A5D0011B820 /* Sources */,
				8D0715891C8F2A5D0011B820 /* Frameworks */,
				8D07158A1C8F2A5D0011B820 /* CopyFiles */,
			);
			buildRules = (
			);
			dependencies = (
			);
			name = Tests;
			productName = Tests;
			productReference = 8D07158C1C8F2A5D0011B820 /* Tests */;
			productType = "com.apple.product-type.tool";
		};
/* End PBXNativeTarget section */

/* Begin PBXProject section */
		8D0715701C8F1BC20011B820 /* Project object */ = {
			isa = PBXProject;
			attributes = {
				LastUpgradeCheck = 0720;
				ORGANIZATIONNAME = "Yangde-Software";
				TargetAttributes = {
					8D0715771C8F1BC30011B820 = {
						CreatedOnToolsVersion = 7.2;
					};
					8D07158B1C8F2A5D0011B820 = {
						CreatedOnToolsVersion = 7.2;
					};
				};
			};
			buildConfigurationList = 8D0715731C8F1BC20011B820 /* Build configuration list for PBXProject "OJ" */;
			compatibilityVersion = "Xcode 3.2";
			developmentRegion = English;
			hasScannedForEncodings = 0;
			knownRegions = (
				en,
			);
			mainGroup = 8D07156F1C8F1BC20011B820;
			productRefGroup = 8D0715791C8F1BC30011B820 /* Products */;
			projectDirPath = "";
			projectRoot = "";
			targets = (
				8D0715771C8F1BC30011B820 /* OJ */,
				8D07158B1C8F2A5D0011B820 /* Tests */,
			);
		};
/* End PBXProject section */

/* Begin PBXSourcesBuildPhase section */
		8D0715741C8F1BC30011B820 /* Sources */ = {
			isa = PBXSourcesBuildPhase;
			buildActionMask = 2147483647;
			files = (
				8DFFAC661CF053D10027E2CC /* 87_Scramble_String.cpp in Sources */,
				8D1E0FAC1CE4E0A600ED73AB /* 66_Plus_One.cpp in Sources */,
				8D366EB31CF5FC00006137BF /* 94_Binary_Tree_Inorder_Traversal.cpp in Sources */,
				8DFFAC6A1CF1AE0E0027E2CC /* 88_MergeSortedArray.cpp in Sources */,
				8D1CFF831CD450CD007D100B /* 38_Count_and_Say.cpp in Sources */,
				8D111A351CEB70BA0038C9B4 /* 79_Word_Search.cpp in Sources */,
				8D1CFF931CDA43A5007D100B /* 45_Jump_Game_2.cpp in Sources */,
				8D111A261CE7735D0038C9B4 /* 73_Set_Matrix_Zeroes.cpp in Sources */,
				8D3C793F1CF492610003AA1A /* 91_Decode_Ways.cpp in Sources */,
				8D211F921CF9A0D300E701D2 /* 98_Validate_Binary_Search_Tree.cpp in Sources */,
				8D111A241CE7724B0038C9B4 /* 72_Edit_Distance.cpp in Sources */,
				8DC5FF281CECAE31004369DF /* 82_Remove_Duplicates_From_Sorted_List2.cpp in Sources */,
				8D1CFF7B1CCFC29C007D100B /* 34_Search_for_a_Range.cpp in Sources */,
				8D1CFF8B1CD64B59007D100B /* 42_Trapping_Rain_Water.cpp in Sources */,
				8D60A6FF1CE70ADA00B8DE7E /* 71_Simplify_Path.cpp in Sources */,
				8DC5FF2E1CEE0825004369DF /* 84_Largest_Rectangle_in_Histogram.cpp in Sources */,
				8D0AA12E1D0EEB1E00417C80 /* 129_Sum_Root_To_Leaf_Numbers.cpp in Sources */,
				8DCE05541D0D8F52005F9965 /* 127_Word_Ladder.cpp in Sources */,
				8DBA2E8C1D0C596500075FFB /* 125_Valid_Palindrome.cpp in Sources */,
				8DEB7F9A1CFC8B130038EAD7 /* 106_Construct_Binary_Tree_From_Inorder_And_Postorder_Traversal.cpp in Sources */,
				8D20634E1D0722660052BA4B /* 123_Best_Time_To_Buy_And_Sell_Stock_3.cpp in Sources */,
				8D1CFF8F1CD7A5FE007D100B /* 44_Wildcard_Matching.cpp in Sources */,
				8DFFAC6C1CF1B1270027E2CC /* 89_Gray_Code.cpp in Sources */,
				8D30BCA11CE0AD2900F79D18 /* 51_N_Queens.cpp in Sources */,
				8D1CFF7D1CD264EC007D100B /* 35_Search_Insert_Position.cpp in Sources */,
				8D30BCA81CE0D17D00F79D18 /* 54_Spiral_Matrix.cpp in Sources */,
				8D60A6FB1CE6437600B8DE7E /* 67_Add_Binary.cpp in Sources */,
				8DC3D0C11CF74F1F00C71F17 /* 95_Unique_Binary_Search_Tree2.cpp in Sources */,
				8D1E0FAA1CE4D3E600ED73AB /* 65_Valid_Number.cpp in Sources */,
				8D1CFF891CD48335007D100B /* 41_First_Missing_Positive.cpp in Sources */,
				8D1CFF851CD45A85007D100B /* 39_Combination_Sum.cpp in Sources */,
				8D83A2E11CFEF820002DC93F /* 113_Path_Sum_2.cpp in Sources */,
				8D83A2E31CFEFB50002DC93F /* 114_Flatten_Binary_Tree_To_Linked_List.cpp in Sources */,
				8D1E0FAE1CE4E36800ED73AB /* 68_Text_Justification.cpp in Sources */,
				8D1CFF871CD46E1F007D100B /* 40_Combination_Sum_2.cpp in Sources */,
				8D1E0FA81CE4D0DE00ED73AB /* 64_Minimum_Path_Sum.cpp in Sources */,
				8D211F9C1CF9F41D00E701D2 /* 104_Maximum_Depth_Of_Binary_Tree.cpp in Sources */,
				8D1E0FA21CE3848900ED73AB /* 61_Rotate_List.cpp in Sources */,
				8D1CFF911CD8ED23007D100B /* 55_Jump_Game.cpp in Sources */,
				8DB045BB1D0471F2008A92C8 /* 117_Populating_Next_Right_Pointers_In_Each_Node_2.cpp in Sources */,
				8D1CFF951CDB88B8007D100B /* 46_Permutations.cpp in Sources */,
				8D211F961CF9E1AC00E701D2 /* 101_Symmetric_Tree.cpp in Sources */,
				8DF5C81A1CFDD40F00A1B5A6 /* 110_Balanced_Binary_Tree.cpp in Sources */,
				8D111A281CE78D3E0038C9B4 /* 74_Search_a_2D_Matrix.cpp in Sources */,
				8D111A2A1CE8B81B0038C9B4 /* 75_Sort_Colors.cpp in Sources */,
				8DF5C8181CFDCE8100A1B5A6 /* 109_Convert_Sorted_List_To_Binary_Search_Tree.cpp in Sources */,
				8DA4ADF41CF34AF800DBA985 /* 90_Subset2.cpp in Sources */,
				8D211F9E1CF9F5FD00E701D2 /* 99_Recover_Binary_Search_Tree.cpp in Sources */,
				8D111A371CEB75F60038C9B4 /* 80_Remove_Duplicates_From_Sorted_Array2.cpp in Sources */,
				8D111A391CEB7B3F0038C9B4 /* 81_Search_in_Rotated_Sorted_Array2.cpp in Sources */,
				8DFFAC681CF19A6C0027E2CC /* 85_Maximal_Rectangle.cpp in Sources */,
				8DF5C8161CFDCD1D00A1B5A6 /* 108_Convert_Sorted_Array_To_Binary_Search_Tree.cpp in Sources */,
				8D211F981CF9EC8200E701D2 /* 102_Binary_Tree_Level_Order_Traversal.cpp in Sources */,
				8D60A6FD1CE704B000B8DE7E /* 70_Climbing_Stairs.cpp in Sources */,
				8DEB7F9C1CFC8E7B0038EAD7 /* 107_Binary_Tree_Level_Order_Traversal2.cpp in Sources */,
				8D1CFF7F1CD26AB4007D100B /* 36_Valid_Sudoku.cpp in Sources */,
				8D111A2D1CE8BF000038C9B4 /* Sort.cpp in Sources */,
				8DC5FF2A1CECBB89004369DF /* 83_Remove_Duplicates_From_Sorted_List.cpp in Sources */,
				8D1E0F9E1CE36E8800ED73AB /* 59_Spiral_Matrix_2.cpp in Sources */,
				8D1CFF971CDB9D03007D100B /* 47_Permutations_2.cpp in Sources */,
				8DB045B91D046441008A92C8 /* 116_Populating_Next_Right_Pointers_in_Each_Node.cpp in Sources */,
				8DB045BD1D047CCC008A92C8 /* 120_Triangle.cpp in Sources */,
				8D3C79411CF4A9CF0003AA1A /* 92_Reverse_Linked_List2.cpp in Sources */,
				8D83A2E71D008903002DC93F /* 118_Pascal_Triangle.cpp in Sources */,
				8DCEDD1C1CDE2A55003CB079 /* 58_Length_Of_Last_Word.cpp in Sources */,
				8DC025C71D05C88C0027626F /* 121_Best_Time_To_Buy_And_Sell_Stock.cpp in Sources */,
				8D111A331CEA32640038C9B4 /* 78_Subsets.cpp in Sources */,
				8D1CFF811CD27873007D100B /* 37_Sudoku_Solver.cpp in Sources */,
				8D111A2F1CE8C1010038C9B4 /* 76_Minimum_Window_Substring.cpp in Sources */,
				8D1CFF8D1CD79490007D100B /* 43_Multiply_Strings.cpp in Sources */,
				8DF5C81C1CFDDEB100A1B5A6 /* 111_Minimum_Depth_Of_Binary_Tree.cpp in Sources */,
				8DFFAC641CEF60720027E2CC /* 86_Partition_List.cpp in Sources */,
				8DC025C91D05CD060027626F /* 122_Best_Time_To_Buy_And_Sell_Stock_2.cpp in Sources */,
				8D83A2DF1CFEF66D002DC93F /* 112_Path_Sum.cpp in Sources */,
				8D211F8E1CF9853700E701D2 /* 96_Unique_Binary_Search_Trees.cpp in Sources */,
				8D83A2E91D008C2B002DC93F /* 119_Pascal_Triangle_2.cpp in Sources */,
				8D30BCA61CE0C68600F79D18 /* 53_Maximum_Subarray.cpp in Sources */,
				8D111A311CEA2E8F0038C9B4 /* 77_Combinations.cpp in Sources */,
				8D211F9A1CF9F24D00E701D2 /* 103_Binary_Tree_Zigzag_Level_Order_Traversal.cpp in Sources */,
				8D1E0FA01CE378FA00ED73AB /* 60_Permutation_Sequence.cpp in Sources */,
				8D5694771CFB1BE0008D8277 /* 105_Construct_Binary_Tree_From_PreOrder_And_Inorder_Traversal.cpp in Sources */,
				8D1CFF791CCFAFBD007D100B /* 10_Regular_Expression_Matching.cpp in Sources */,
				8D211F941CF9E04100E701D2 /* 100_Same_Tree.cpp in Sources */,
				8D83A2E51CFEFDD3002DC93F /* 115_Distinct_Subsequences.cpp in Sources */,
				8D1E0FA41CE38A6900ED73AB /* 62_Unique_Paths.cpp in Sources */,
				8D211F901CF9896500E701D2 /* 97_Interleaving_String.cpp in Sources */,
				8D30BCA31CE0BDE000F79D18 /* 52_N_Queens_2.cpp in Sources */,
				8DC5FF2C1CECC242004369DF /* heap.cpp in Sources */,
			);
			runOnlyForDeploymentPostprocessing = 0;
		};
		8D0715881C8F2A5D0011B820 /* Sources */ = {
			isa = PBXSourcesBuildPhase;
			buildActionMask = 2147483647;
			files = (
				8D07158F1C8F2A5D0011B820 /* main.cpp in Sources */,
			);
			runOnlyForDeploymentPostprocessing = 0;
		};
/* End PBXSourcesBuildPhase section */

/* Begin XCBuildConfiguration section */
		8D07157A1C8F1BC30011B820 /* Debug */ = {
			isa = XCBuildConfiguration;
			buildSettings = {
				ALWAYS_SEARCH_USER_PATHS = NO;
				CLANG_CXX_LANGUAGE_STANDARD = "gnu++0x";
				CLANG_CXX_LIBRARY = "libc++";
				CLANG_ENABLE_MODULES = YES;
				CLANG_ENABLE_OBJC_ARC = YES;
				CLANG_WARN_BOOL_CONVERSION = YES;
				CLANG_WARN_CONSTANT_CONVERSION = YES;
				CLANG_WARN_DIRECT_OBJC_ISA_USAGE = YES_ERROR;
				CLANG_WARN_EMPTY_BODY = YES;
				CLANG_WARN_ENUM_CONVERSION = YES;
				CLANG_WARN_INT_CONVERSION = YES;
				CLANG_WARN_OBJC_ROOT_CLASS = YES_ERROR;
				CLANG_WARN_UNREACHABLE_CODE = YES;
				CLANG_WARN__DUPLICATE_METHOD_MATCH = YES;
				CODE_SIGN_IDENTITY = "-";
				COPY_PHASE_STRIP = NO;
				DEBUG_INFORMATION_FORMAT = dwarf;
				ENABLE_STRICT_OBJC_MSGSEND = YES;
				ENABLE_TESTABILITY = YES;
				GCC_C_LANGUAGE_STANDARD = gnu99;
				GCC_DYNAMIC_NO_PIC = NO;
				GCC_NO_COMMON_BLOCKS = YES;
				GCC_OPTIMIZATION_LEVEL = 0;
				GCC_PREPROCESSOR_DEFINITIONS = (
					"DEBUG=1",
					"$(inherited)",
				);
				GCC_WARN_64_TO_32_BIT_CONVERSION = YES;
				GCC_WARN_ABOUT_RETURN_TYPE = YES_ERROR;
				GCC_WARN_UNDECLARED_SELECTOR = YES;
				GCC_WARN_UNINITIALIZED_AUTOS = YES_AGGRESSIVE;
				GCC_WARN_UNUSED_FUNCTION = YES;
				GCC_WARN_UNUSED_VARIABLE = YES;
				MACOSX_DEPLOYMENT_TARGET = 10.11;
				MTL_ENABLE_DEBUG_INFO = YES;
				ONLY_ACTIVE_ARCH = YES;
				SDKROOT = macosx;
			};
			name = Debug;
		};
		8D07157B1C8F1BC30011B820 /* Release */ = {
			isa = XCBuildConfiguration;
			buildSettings = {
				ALWAYS_SEARCH_USER_PATHS = NO;
				CLANG_CXX_LANGUAGE_STANDARD = "gnu++0x";
				CLANG_CXX_LIBRARY = "libc++";
				CLANG_ENABLE_MODULES = YES;
				CLANG_ENABLE_OBJC_ARC = YES;
				CLANG_WARN_BOOL_CONVERSION = YES;
				CLANG_WARN_CONSTANT_CONVERSION = YES;
				CLANG_WARN_DIRECT_OBJC_ISA_USAGE = YES_ERROR;
				CLANG_WARN_EMPTY_BODY = YES;
				CLANG_WARN_ENUM_CONVERSION = YES;
				CLANG_WARN_INT_CONVERSION = YES;
				CLANG_WARN_OBJC_ROOT_CLASS = YES_ERROR;
				CLANG_WARN_UNREACHABLE_CODE = YES;
				CLANG_WARN__DUPLICATE_METHOD_MATCH = YES;
				CODE_SIGN_IDENTITY = "-";
				COPY_PHASE_STRIP = NO;
				DEBUG_INFORMATION_FORMAT = "dwarf-with-dsym";
				ENABLE_NS_ASSERTIONS = NO;
				ENABLE_STRICT_OBJC_MSGSEND = YES;
				GCC_C_LANGUAGE_STANDARD = gnu99;
				GCC_NO_COMMON_BLOCKS = YES;
				GCC_WARN_64_TO_32_BIT_CONVERSION = YES;
				GCC_WARN_ABOUT_RETURN_TYPE = YES_ERROR;
				GCC_WARN_UNDECLARED_SELECTOR = YES;
				GCC_WARN_UNINITIALIZED_AUTOS = YES_AGGRESSIVE;
				GCC_WARN_UNUSED_FUNCTION = YES;
				GCC_WARN_UNUSED_VARIABLE = YES;
				MACOSX_DEPLOYMENT_TARGET = 10.11;
				MTL_ENABLE_DEBUG_INFO = NO;
				SDKROOT = macosx;
			};
			name = Release;
		};
		8D07157D1C8F1BC30011B820 /* Debug */ = {
			isa = XCBuildConfiguration;
			buildSettings = {
				DYLIB_COMPATIBILITY_VERSION = 1;
				DYLIB_CURRENT_VERSION = 1;
				EXECUTABLE_PREFIX = lib;
				FRAMEWORK_SEARCH_PATHS = (
					"$(inherited)",
					"$(PROJECT_DIR)",
					"$(PROJECT_DIR)/googletest",
					"$(PROJECT_DIR)/googletest/googletest",
					"$(PROJECT_DIR)/googletest/googletest/include",
				);
				PRODUCT_NAME = "$(TARGET_NAME)";
				SKIP_INSTALL = YES;
				USER_HEADER_SEARCH_PATHS = "$(PROJECT_DIR)/googletest $(PROJECT_DIR)/googletest/googletest/include";
			};
			name = Debug;
		};
		8D07157E1C8F1BC30011B820 /* Release */ = {
			isa = XCBuildConfiguration;
			buildSettings = {
				DYLIB_COMPATIBILITY_VERSION = 1;
				DYLIB_CURRENT_VERSION = 1;
				EXECUTABLE_PREFIX = lib;
				FRAMEWORK_SEARCH_PATHS = (
					"$(inherited)",
					"$(PROJECT_DIR)",
					"$(PROJECT_DIR)/googletest",
					"$(PROJECT_DIR)/googletest/googletest",
					"$(PROJECT_DIR)/googletest/googletest/include",
				);
				PRODUCT_NAME = "$(TARGET_NAME)";
				SKIP_INSTALL = YES;
				USER_HEADER_SEARCH_PATHS = "$(PROJECT_DIR)/googletest $(PROJECT_DIR)/googletest/googletest/include";
			};
			name = Release;
		};
		8D0715911C8F2A5D0011B820 /* Debug */ = {
			isa = XCBuildConfiguration;
			buildSettings = {
				ARCHS = "$(ARCHS_STANDARD)";
				FRAMEWORK_SEARCH_PATHS = (
					"$(PROJECT_DIR)",
					"$(PROJECT_DIR)/googletest",
				);
				PRODUCT_NAME = "$(TARGET_NAME)";
				USER_HEADER_SEARCH_PATHS = "$(PROJECT_DIR)/googletest $(PROJECT_DIR)/googletest/googletest/include";
			};
			name = Debug;
		};
		8D0715921C8F2A5D0011B820 /* Release */ = {
			isa = XCBuildConfiguration;
			buildSettings = {
				ARCHS = "$(ARCHS_STANDARD)";
				FRAMEWORK_SEARCH_PATHS = (
					"$(PROJECT_DIR)",
					"$(PROJECT_DIR)/googletest",
				);
				PRODUCT_NAME = "$(TARGET_NAME)";
				USER_HEADER_SEARCH_PATHS = "$(PROJECT_DIR)/googletest $(PROJECT_DIR)/googletest/googletest/include";
			};
			name = Release;
		};
/* End XCBuildConfiguration section */

/* Begin XCConfigurationList section */
		8D0715731C8F1BC20011B820 /* Build configuration list for PBXProject "OJ" */ = {
			isa = XCConfigurationList;
			buildConfigurations = (
				8D07157A1C8F1BC30011B820 /* Debug */,
				8D07157B1C8F1BC30011B820 /* Release */,
			);
			defaultConfigurationIsVisible = 0;
			defaultConfigurationName = Release;
		};
		8D07157C1C8F1BC30011B820 /* Build configuration list for PBXNativeTarget "OJ" */ = {
			isa = XCConfigurationList;
			buildConfigurations = (
				8D07157D1C8F1BC30011B820 /* Debug */,
				8D07157E1C8F1BC30011B820 /* Release */,
			);
			defaultConfigurationIsVisible = 0;
			defaultConfigurationName = Release;
		};
		8D0715901C8F2A5D0011B820 /* Build configuration list for PBXNativeTarget "Tests" */ = {
			isa = XCConfigurationList;
			buildConfigurations = (
				8D0715911C8F2A5D0011B820 /* Debug */,
				8D0715921C8F2A5D0011B820 /* Release */,
			);
			defaultConfigurationIsVisible = 0;
			defaultConfigurationName = Release;
		};
/* End XCConfigurationList section */
	};
	rootObject = 8D0715701C8F1BC20011B820 /* Project object */;
}
